{
	"name": "polythene-mithril-icon",
	"version": "1.4.2",
	"lockfileVersion": 1,
	"requires": true,
	"dependencies": {
		"@types/mithril": {
			"version": "1.1.14",
			"resolved": "https://registry.npmjs.org/@types/mithril/-/mithril-1.1.14.tgz",
			"integrity": "sha512-y7/U0bS8JpoH8tHq/19A7uVsCxsquu+Gac9yd+gncWjNUsYrLL03VIN6Cx+90UoF0ppOIvRj/bawzFu1chKiiA==",
			"dev": true
		}
	}
}
