{
	"name": "polythene-mithril-icon",
	"version": "1.5.4",
	"lockfileVersion": 1,
	"requires": true,
	"dependencies": {
		"@types/mithril": {
			"version": "1.1.16",
			"resolved": "https://registry.npmjs.org/@types/mithril/-/mithril-1.1.16.tgz",
			"integrity": "sha512-+HlRvSpKwXP8RXh1hrIcgSHQ/Fh+5O9nYfG7fgNN7PGr2K03G+hLoiA+HXzmUJCsQfPEuNiBQ+TwRl6n7kerSw==",
			"dev": true
		},
		"cyano-mithril": {
			"version": "0.5.0",
			"resolved": "https://registry.npmjs.org/cyano-mithril/-/cyano-mithril-0.5.0.tgz",
			"integrity": "sha512-lwM+N3pBBB5U+r61/vtlEI8tFdzk8fBJTbNeURrEpNKctGW8u5Uov4F/uhIPYBx6TqaTdetjLJ97zaXE5ccoQg==",
			"requires": {
				"mithril-hooks": "^0.5.1"
			}
		},
		"mithril-hooks": {
			"version": "0.5.1",
			"resolved": "https://registry.npmjs.org/mithril-hooks/-/mithril-hooks-0.5.1.tgz",
			"integrity": "sha512-g4dqMTdVqXUXY5FReprt3z+eh8Ztpc6KnrJUBD18Cm2g80XdNgAawbCbx2T+UD123/TgtTY+NjhCO/atMRmPNg=="
		}
	}
}
