{
	"name": "polythene-tests-cypress",
	"version": "1.7.5",
	"lockfileVersion": 1,
	"requires": true,
	"dependencies": {
		"cyano-mithril": {
			"version": "0.6.9",
			"resolved": "https://registry.npmjs.org/cyano-mithril/-/cyano-mithril-0.6.9.tgz",
			"integrity": "sha512-42jQ7QdH15IrVZi5uozM6KrGenClNJ1BUWuGI3iwdCwgQJ6fiUzb9U6dfw1itFF2kPWO111SNexAgxqQmY6Jug==",
			"requires": {
				"mithril-hooks": "^0.7.1"
			}
		},
		"cyano-react": {
			"version": "0.6.9",
			"resolved": "https://registry.npmjs.org/cyano-react/-/cyano-react-0.6.9.tgz",
			"integrity": "sha512-JQIlXeVyHdoz43/AA4H3vxSfCe0g5p4PFZvJ5lPysC4zgyEjVRh5nE7IcK49df2oaPrYwbe1dVmuZF/4UwBYBw==",
			"requires": {
				"react-hyperscript": "^3.2.0"
			}
		},
		"flatted": {
			"version": "3.1.1",
			"resolved": "https://registry.npmjs.org/flatted/-/flatted-3.1.1.tgz",
			"integrity": "sha512-zAoAQiudy+r5SvnSw3KJy5os/oRJYHzrzja/tBDqrZtNhUw8bt6y8OBzMWcjWr+8liV8Eb6yOhw8WZ7VFZ5ZzA=="
		},
		"mithril-hooks": {
			"version": "0.7.1",
			"resolved": "https://registry.npmjs.org/mithril-hooks/-/mithril-hooks-0.7.1.tgz",
			"integrity": "sha512-or7NAYGSWiCSbPQ+W7SGqkB74b6L0QYVR7NfBBT7cVqkIO3FNi6OTpmQo7AI2oARh9NyzZRyGQbt24TvYTiHYA==",
			"requires": {
				"flatted": "^3.1.1"
			}
		},
		"react-hyperscript": {
			"version": "3.2.0",
			"resolved": "https://registry.npmjs.org/react-hyperscript/-/react-hyperscript-3.2.0.tgz",
			"integrity": "sha512-kf9VmxwCNqAImT3uDrCPJ8H5XdNzfSLps9x0qgJCH6OUCBiGAy1m9wHpedfr7GSuFqowhkNwv4ZuC40k3E/zRQ=="
		}
	}
}
