{
	"name": "polythene-tests-cypress",
	"version": "1.6.4",
	"lockfileVersion": 1,
	"requires": true,
	"dependencies": {
		"cyano-mithril": {
			"version": "0.5.2",
			"resolved": "https://registry.npmjs.org/cyano-mithril/-/cyano-mithril-0.5.2.tgz",
			"integrity": "sha512-M1hAqfUU3QpzUEkob7DN+/gVE8oxiZNRpQKljBWhO+zgFrXA1dXaviu64L5RCUhH8XGjd0ZIiuy0CzLV+xHU5Q==",
			"requires": {
				"mithril-hooks": "^0.5.3"
			}
		},
		"cyano-react": {
			"version": "0.5.2",
			"resolved": "https://registry.npmjs.org/cyano-react/-/cyano-react-0.5.2.tgz",
			"integrity": "sha512-PB6ZEfupGMo6JwaW0LoJCwejpDJpxWpDEs5kl1n/EXRN/YcdVo1uuIzet044PVUYkihPM9mvEAHuKC9DuZB1fg==",
			"requires": {
				"react-hyperscript": "^3.2.0"
			}
		},
		"mithril-hooks": {
			"version": "0.5.3",
			"resolved": "https://registry.npmjs.org/mithril-hooks/-/mithril-hooks-0.5.3.tgz",
			"integrity": "sha512-7Bd4fmxcvKXkrPFg07tjUfqVQBh1vJaqffckd9ScmPm4FdSq10n9IyQfleAi8iVH9Sazj8NDcm53RvaoIDAo8w=="
		},
		"react-hyperscript": {
			"version": "3.2.0",
			"resolved": "https://registry.npmjs.org/react-hyperscript/-/react-hyperscript-3.2.0.tgz",
			"integrity": "sha512-kf9VmxwCNqAImT3uDrCPJ8H5XdNzfSLps9x0qgJCH6OUCBiGAy1m9wHpedfr7GSuFqowhkNwv4ZuC40k3E/zRQ=="
		}
	}
}
