{
	"name": "polythene-tests-cypress",
	"version": "1.6.0",
	"lockfileVersion": 1,
	"requires": true,
	"dependencies": {
		"cyano-mithril": {
			"version": "0.5.1",
			"resolved": "https://registry.npmjs.org/cyano-mithril/-/cyano-mithril-0.5.1.tgz",
			"integrity": "sha512-4W+Ov638sjcJ6e+6wK6kfDqhG/YZVqE/1spzfEmqMqAyYaYwmGnS7jvk2odQUMsFZWbvu9JZ9YgHs0xnUFC72A==",
			"requires": {
				"mithril-hooks": "^0.5.2"
			}
		},
		"cyano-react": {
			"version": "0.5.1",
			"resolved": "https://registry.npmjs.org/cyano-react/-/cyano-react-0.5.1.tgz",
			"integrity": "sha512-mKph7BAGpXLEVbqkvCNOUXidw7OuU/TtWMu3YVDeM+38m13zWYKsagh+3BrpgGLB75o4RaMEmFxtYSozOVtnYg==",
			"requires": {
				"react-hyperscript": "^3.2.0"
			}
		},
		"mithril-hooks": {
			"version": "0.5.2",
			"resolved": "https://registry.npmjs.org/mithril-hooks/-/mithril-hooks-0.5.2.tgz",
			"integrity": "sha512-AONKkNiDnjMgB4G3Sy9yDMFzKclCcTteiBWoDViD3DGgLdL92xlRoc1/TeLoMWv5juVfyOMRQHC3iQHL7HqeLA=="
		},
		"react-hyperscript": {
			"version": "3.2.0",
			"resolved": "https://registry.npmjs.org/react-hyperscript/-/react-hyperscript-3.2.0.tgz",
			"integrity": "sha512-kf9VmxwCNqAImT3uDrCPJ8H5XdNzfSLps9x0qgJCH6OUCBiGAy1m9wHpedfr7GSuFqowhkNwv4ZuC40k3E/zRQ=="
		}
	}
}
