{
	"name": "polythene-core",
	"version": "1.7.2",
	"lockfileVersion": 1,
	"requires": true,
	"dependencies": {
		"@types/mithril": {
			"version": "2.0.0",
			"resolved": "https://registry.npmjs.org/@types/mithril/-/mithril-2.0.0.tgz",
			"integrity": "sha512-Bjjs5a7xc6eC207ZE1tR7ssnMoF8d3VVcupmzbhFaP2nM4G1Jpm1oqrvAiu+ys0OLKYUQjxNALUerHDPHbuwfA==",
			"dev": true
		}
	}
}
