{
	"name": "polythene-core",
	"version": "1.7.5",
	"lockfileVersion": 2,
	"requires": true,
	"packages": {
		"": {
			"version": "1.7.5",
			"license": "MIT",
			"dependencies": {
				"nanoid": "^3.1.22"
			},
			"devDependencies": {
				"@types/mithril": "^2.0.7"
			}
		},
		"node_modules/@types/mithril": {
			"version": "2.0.7",
			"resolved": "https://registry.npmjs.org/@types/mithril/-/mithril-2.0.7.tgz",
			"integrity": "sha512-ByD422x0GnYh5MOEAWNyqfkw2QlKkK3Yf7y5e1CobDVPG9m+/ThblfrIHENihF7VnygT6sQRObPvY1J/fUZICg==",
			"dev": true,
			"license": "MIT"
		},
		"node_modules/nanoid": {
			"version": "3.1.22",
			"resolved": "https://registry.npmjs.org/nanoid/-/nanoid-3.1.22.tgz",
			"integrity": "sha512-/2ZUaJX2ANuLtTvqTlgqBQNJoQO398KyJgZloL0PZkC0dpysjncRUPsFe3DUPzz/y3h+u7C46np8RMuvF3jsSQ==",
			"bin": {
				"nanoid": "bin/nanoid.cjs"
			},
			"engines": {
				"node": "^10 || ^12 || ^13.7 || ^14 || >=15.0.1"
			}
		}
	},
	"dependencies": {
		"@types/mithril": {
			"version": "2.0.7",
			"resolved": "https://registry.npmjs.org/@types/mithril/-/mithril-2.0.7.tgz",
			"integrity": "sha512-ByD422x0GnYh5MOEAWNyqfkw2QlKkK3Yf7y5e1CobDVPG9m+/ThblfrIHENihF7VnygT6sQRObPvY1J/fUZICg==",
			"dev": true
		},
		"nanoid": {
			"version": "3.1.22",
			"resolved": "https://registry.npmjs.org/nanoid/-/nanoid-3.1.22.tgz",
			"integrity": "sha512-/2ZUaJX2ANuLtTvqTlgqBQNJoQO398KyJgZloL0PZkC0dpysjncRUPsFe3DUPzz/y3h+u7C46np8RMuvF3jsSQ=="
		}
	}
}
