# THIS IS AN AUTOGENERATED FILE. DO NOT EDIT THIS FILE DIRECTLY.
# yarn lockfile v1


"@types/mithril@^2.0.7":
  version "2.0.7"
  resolved "https://registry.yarnpkg.com/@types/mithril/-/mithril-2.0.7.tgz#e4016c79ce206621d7aee23de189faf7b007e0d5"
  integrity sha512-ByD422x0GnYh5MOEAWNyqfkw2QlKkK3Yf7y5e1CobDVPG9m+/ThblfrIHENihF7VnygT6sQRObPvY1J/fUZICg==
