# THIS IS AN AUTOGENERATED FILE. DO NOT EDIT THIS FILE DIRECTLY.
# yarn lockfile v1


flyd@^0.2.4:
  version "0.2.4"
  resolved "https://registry.yarnpkg.com/flyd/-/flyd-0.2.4.tgz#0414c837c34fae69b1277752cf004382effb9900"
  dependencies:
    ramda "^0.19.1"

mithril@1.1.0:
  version "1.1.0"
  resolved "https://registry.yarnpkg.com/mithril/-/mithril-1.1.0.tgz#1dbf9cc7843dd9701b7901d5abc4e219b15cf5de"

ramda@^0.19.1:
  version "0.19.1"
  resolved "https://registry.yarnpkg.com/ramda/-/ramda-0.19.1.tgz#89c4ad697265ff6b1face9f286439e2520d6679c"
