# THIS IS AN AUTOGENERATED FILE. DO NOT EDIT THIS FILE DIRECTLY.
# yarn lockfile v1


mithril@1.1.0:
  version "1.1.0"
  resolved "https://registry.yarnpkg.com/mithril/-/mithril-1.1.0.tgz#1dbf9cc7843dd9701b7901d5abc4e219b15cf5de"

webfontloader@^1.6.27:
  version "1.6.27"
  resolved "https://registry.yarnpkg.com/webfontloader/-/webfontloader-1.6.27.tgz#c3899649b0653aa57d0a23388f82409e0df224ba"
