{
	"name": "polythene-test-dialog",
	"version": "1.5.4",
	"lockfileVersion": 1,
	"requires": true,
	"dependencies": {
		"cyano-mithril": {
			"version": "0.5.1",
			"resolved": "https://registry.npmjs.org/cyano-mithril/-/cyano-mithril-0.5.1.tgz",
			"integrity": "sha512-4W+Ov638sjcJ6e+6wK6kfDqhG/YZVqE/1spzfEmqMqAyYaYwmGnS7jvk2odQUMsFZWbvu9JZ9YgHs0xnUFC72A==",
			"requires": {
				"mithril-hooks": "^0.5.2"
			}
		},
		"cyano-react": {
			"version": "0.5.1",
			"resolved": "https://registry.npmjs.org/cyano-react/-/cyano-react-0.5.1.tgz",
			"integrity": "sha512-mKph7BAGpXLEVbqkvCNOUXidw7OuU/TtWMu3YVDeM+38m13zWYKsagh+3BrpgGLB75o4RaMEmFxtYSozOVtnYg==",
			"requires": {
				"react-hyperscript": "^3.2.0"
			}
		},
		"js-tokens": {
			"version": "4.0.0",
			"resolved": "https://registry.npmjs.org/js-tokens/-/js-tokens-4.0.0.tgz",
			"integrity": "sha512-RdJUflcE3cUzKiMqQgsCu06FPu9UdIJO0beYbPhHN4k6apgJtifcoCtT9bcxOpYBtpD2kCM6Sbzg4CausW/PKQ==",
			"dev": true
		},
		"loose-envify": {
			"version": "1.4.0",
			"resolved": "https://registry.npmjs.org/loose-envify/-/loose-envify-1.4.0.tgz",
			"integrity": "sha512-lyuxPGr/Wfhrlem2CL/UcnUc1zcqKAImBDzukY7Y5F/yQiNdko6+fRLevlw1HgMySw7f611UIY408EtxRSoK3Q==",
			"dev": true,
			"requires": {
				"js-tokens": "^3.0.0 || ^4.0.0"
			}
		},
		"mithril": {
			"version": "2.0.0-rc.4",
			"resolved": "https://registry.npmjs.org/mithril/-/mithril-2.0.0-rc.4.tgz",
			"integrity": "sha512-Vea5rnb4Z7RUuQgB3/LSltZlYwR9dbuXwxTOlNyyfGu5FNC/FvfteR3Je5u95v8GGSgGN2mzmVrPXETOHOaOtA==",
			"dev": true
		},
		"mithril-hooks": {
			"version": "0.5.2",
			"resolved": "https://registry.npmjs.org/mithril-hooks/-/mithril-hooks-0.5.2.tgz",
			"integrity": "sha512-AONKkNiDnjMgB4G3Sy9yDMFzKclCcTteiBWoDViD3DGgLdL92xlRoc1/TeLoMWv5juVfyOMRQHC3iQHL7HqeLA=="
		},
		"object-assign": {
			"version": "4.1.1",
			"resolved": "https://registry.npmjs.org/object-assign/-/object-assign-4.1.1.tgz",
			"integrity": "sha1-IQmtx5ZYh8/AXLvUQsrIv7s2CGM=",
			"dev": true
		},
		"prop-types": {
			"version": "15.7.2",
			"resolved": "https://registry.npmjs.org/prop-types/-/prop-types-15.7.2.tgz",
			"integrity": "sha512-8QQikdH7//R2vurIJSutZ1smHYTcLpRWEOlHnzcWHmBYrOGUysKwSsrC89BCiFj3CbrfJ/nXFdJepOVrY1GCHQ==",
			"dev": true,
			"requires": {
				"loose-envify": "^1.4.0",
				"object-assign": "^4.1.1",
				"react-is": "^16.8.1"
			}
		},
		"react": {
			"version": "16.8.4",
			"resolved": "https://registry.npmjs.org/react/-/react-16.8.4.tgz",
			"integrity": "sha512-0GQ6gFXfUH7aZcjGVymlPOASTuSjlQL4ZtVC5YKH+3JL6bBLCVO21DknzmaPlI90LN253ojj02nsapy+j7wIjg==",
			"dev": true,
			"requires": {
				"loose-envify": "^1.1.0",
				"object-assign": "^4.1.1",
				"prop-types": "^15.6.2",
				"scheduler": "^0.13.4"
			}
		},
		"react-hyperscript": {
			"version": "3.2.0",
			"resolved": "https://registry.npmjs.org/react-hyperscript/-/react-hyperscript-3.2.0.tgz",
			"integrity": "sha512-kf9VmxwCNqAImT3uDrCPJ8H5XdNzfSLps9x0qgJCH6OUCBiGAy1m9wHpedfr7GSuFqowhkNwv4ZuC40k3E/zRQ=="
		},
		"react-is": {
			"version": "16.8.4",
			"resolved": "https://registry.npmjs.org/react-is/-/react-is-16.8.4.tgz",
			"integrity": "sha512-PVadd+WaUDOAciICm/J1waJaSvgq+4rHE/K70j0PFqKhkTBsPv/82UGQJNXAngz1fOQLLxI6z1sEDmJDQhCTAA==",
			"dev": true
		},
		"scheduler": {
			"version": "0.13.4",
			"resolved": "https://registry.npmjs.org/scheduler/-/scheduler-0.13.4.tgz",
			"integrity": "sha512-cvSOlRPxOHs5dAhP9yiS/6IDmVAVxmk33f0CtTJRkmUWcb1Us+t7b1wqdzoC0REw2muC9V5f1L/w5R5uKGaepA==",
			"dev": true,
			"requires": {
				"loose-envify": "^1.1.0",
				"object-assign": "^4.1.1"
			}
		}
	}
}
