{
	"name": "polythene-mithril-radio-group",
	"version": "1.6.5",
	"lockfileVersion": 1,
	"requires": true,
	"dependencies": {
		"@types/mithril": {
			"version": "2.0.0",
			"resolved": "https://registry.npmjs.org/@types/mithril/-/mithril-2.0.0.tgz",
			"integrity": "sha512-Bjjs5a7xc6eC207ZE1tR7ssnMoF8d3VVcupmzbhFaP2nM4G1Jpm1oqrvAiu+ys0OLKYUQjxNALUerHDPHbuwfA==",
			"dev": true
		},
		"cyano-mithril": {
			"version": "0.6.1",
			"resolved": "https://registry.npmjs.org/cyano-mithril/-/cyano-mithril-0.6.1.tgz",
			"integrity": "sha512-W2gvNg2WmNx/sKiLsRfTLKc21tJ1eVcKLuhgr4fAZOj3hV6Vxhyd4LiPByMKrVVOSLIayIeY0+Hj4jRXp4tiBw==",
			"requires": {
				"mithril-hooks": "^0.5.4"
			}
		},
		"mithril-hooks": {
			"version": "0.5.4",
			"resolved": "https://registry.npmjs.org/mithril-hooks/-/mithril-hooks-0.5.4.tgz",
			"integrity": "sha512-05fSmzYlvDNQPmxwgtoz7CXAVzpyXgkwgb3Wth/6d0rypX3rMTT8Z2enHezVMy0YCD4R5U+oeBmuVn4F8vAZaQ=="
		}
	}
}
