{
	"name": "polythene-mithril-checkbox",
	"version": "1.5.4",
	"lockfileVersion": 1,
	"requires": true,
	"dependencies": {
		"@types/mithril": {
			"version": "1.1.16",
			"resolved": "https://registry.npmjs.org/@types/mithril/-/mithril-1.1.16.tgz",
			"integrity": "sha512-+HlRvSpKwXP8RXh1hrIcgSHQ/Fh+5O9nYfG7fgNN7PGr2K03G+hLoiA+HXzmUJCsQfPEuNiBQ+TwRl6n7kerSw==",
			"dev": true
		}
	}
}
