{
	"name": "polythene-mithril-icon-button",
	"version": "1.6.1",
	"lockfileVersion": 1,
	"requires": true,
	"dependencies": {
		"@types/mithril": {
			"version": "1.1.16",
			"resolved": "https://registry.npmjs.org/@types/mithril/-/mithril-1.1.16.tgz",
			"integrity": "sha512-+HlRvSpKwXP8RXh1hrIcgSHQ/Fh+5O9nYfG7fgNN7PGr2K03G+hLoiA+HXzmUJCsQfPEuNiBQ+TwRl6n7kerSw==",
			"dev": true
		},
		"cyano-mithril": {
			"version": "0.5.1",
			"resolved": "https://registry.npmjs.org/cyano-mithril/-/cyano-mithril-0.5.1.tgz",
			"integrity": "sha512-4W+Ov638sjcJ6e+6wK6kfDqhG/YZVqE/1spzfEmqMqAyYaYwmGnS7jvk2odQUMsFZWbvu9JZ9YgHs0xnUFC72A==",
			"requires": {
				"mithril-hooks": "^0.5.2"
			}
		},
		"mithril-hooks": {
			"version": "0.5.2",
			"resolved": "https://registry.npmjs.org/mithril-hooks/-/mithril-hooks-0.5.2.tgz",
			"integrity": "sha512-AONKkNiDnjMgB4G3Sy9yDMFzKclCcTteiBWoDViD3DGgLdL92xlRoc1/TeLoMWv5juVfyOMRQHC3iQHL7HqeLA=="
		}
	}
}
