{
	"name": "polythene-mithril-icon-button",
	"version": "1.5.4",
	"lockfileVersion": 1,
	"requires": true,
	"dependencies": {
		"@types/mithril": {
			"version": "1.1.16",
			"resolved": "https://registry.npmjs.org/@types/mithril/-/mithril-1.1.16.tgz",
			"integrity": "sha512-+HlRvSpKwXP8RXh1hrIcgSHQ/Fh+5O9nYfG7fgNN7PGr2K03G+hLoiA+HXzmUJCsQfPEuNiBQ+TwRl6n7kerSw==",
			"dev": true
		},
		"cyano-mithril": {
			"version": "0.4.4",
			"resolved": "https://registry.npmjs.org/cyano-mithril/-/cyano-mithril-0.4.4.tgz",
			"integrity": "sha512-L58E9QPBt36UQ2TQp1UFAMOl3M9PtNFDXY/3Yrf6M1g7wGul422rwg420XpFRyQegs6tnRE+1r9scYpvGup05w==",
			"requires": {
				"mithril-hooks": "^0.5.1"
			}
		},
		"mithril-hooks": {
			"version": "0.5.1",
			"resolved": "https://registry.npmjs.org/mithril-hooks/-/mithril-hooks-0.5.1.tgz",
			"integrity": "sha512-g4dqMTdVqXUXY5FReprt3z+eh8Ztpc6KnrJUBD18Cm2g80XdNgAawbCbx2T+UD123/TgtTY+NjhCO/atMRmPNg=="
		}
	}
}
