{
	"name": "polythene-tests",
	"version": "1.7.5",
	"lockfileVersion": 1,
	"requires": true,
	"dependencies": {
		"@babel/runtime": {
			"version": "7.14.0",
			"resolved": "https://registry.npmjs.org/@babel/runtime/-/runtime-7.14.0.tgz",
			"integrity": "sha512-JELkvo/DlpNdJ7dlyw/eY7E0suy5i5GQH+Vlxaq1nsNJ+H7f4Vtv3jMeCEgRhZZQFXTjldYfQgv2qmM6M1v5wA==",
			"dev": true,
			"requires": {
				"regenerator-runtime": "^0.13.4"
			}
		},
		"asap": {
			"version": "2.0.6",
			"resolved": "https://registry.npmjs.org/asap/-/asap-2.0.6.tgz",
			"integrity": "sha1-5QNHYR1+aQlDIIu9r+vLwvuGbUY=",
			"dev": true
		},
		"change-emitter": {
			"version": "0.1.6",
			"resolved": "https://registry.npmjs.org/change-emitter/-/change-emitter-0.1.6.tgz",
			"integrity": "sha1-6LL+PX8at9aaMhma/5HqaTFAlRU=",
			"dev": true
		},
		"core-js": {
			"version": "1.2.7",
			"resolved": "https://registry.npmjs.org/core-js/-/core-js-1.2.7.tgz",
			"integrity": "sha1-ZSKUwUZR2yj6k70tX/KYOk8IxjY=",
			"dev": true
		},
		"cyano-mithril": {
			"version": "0.6.9",
			"resolved": "https://registry.npmjs.org/cyano-mithril/-/cyano-mithril-0.6.9.tgz",
			"integrity": "sha512-42jQ7QdH15IrVZi5uozM6KrGenClNJ1BUWuGI3iwdCwgQJ6fiUzb9U6dfw1itFF2kPWO111SNexAgxqQmY6Jug==",
			"dev": true,
			"requires": {
				"mithril-hooks": "^0.7.1"
			}
		},
		"cyano-react": {
			"version": "0.6.9",
			"resolved": "https://registry.npmjs.org/cyano-react/-/cyano-react-0.6.9.tgz",
			"integrity": "sha512-JQIlXeVyHdoz43/AA4H3vxSfCe0g5p4PFZvJ5lPysC4zgyEjVRh5nE7IcK49df2oaPrYwbe1dVmuZF/4UwBYBw==",
			"dev": true,
			"requires": {
				"react-hyperscript": "^3.2.0"
			}
		},
		"encoding": {
			"version": "0.1.13",
			"resolved": "https://registry.npmjs.org/encoding/-/encoding-0.1.13.tgz",
			"integrity": "sha512-ETBauow1T35Y/WZMkio9jiM0Z5xjHHmJ4XmjZOq1l/dXz3lr2sRn87nJy20RupqSh1F2m3HHPSp8ShIPQJrJ3A==",
			"dev": true,
			"requires": {
				"iconv-lite": "^0.6.2"
			}
		},
		"fbjs": {
			"version": "0.8.17",
			"resolved": "https://registry.npmjs.org/fbjs/-/fbjs-0.8.17.tgz",
			"integrity": "sha1-xNWY6taUkRJlPWWIsBpc3Nn5D90=",
			"dev": true,
			"requires": {
				"core-js": "^1.0.0",
				"isomorphic-fetch": "^2.1.1",
				"loose-envify": "^1.0.0",
				"object-assign": "^4.1.0",
				"promise": "^7.1.1",
				"setimmediate": "^1.0.5",
				"ua-parser-js": "^0.7.18"
			}
		},
		"flatted": {
			"version": "3.1.1",
			"resolved": "https://registry.npmjs.org/flatted/-/flatted-3.1.1.tgz",
			"integrity": "sha512-zAoAQiudy+r5SvnSw3KJy5os/oRJYHzrzja/tBDqrZtNhUw8bt6y8OBzMWcjWr+8liV8Eb6yOhw8WZ7VFZ5ZzA==",
			"dev": true
		},
		"history": {
			"version": "4.10.1",
			"resolved": "https://registry.npmjs.org/history/-/history-4.10.1.tgz",
			"integrity": "sha512-36nwAD620w12kuzPAsyINPWJqlNbij+hpK1k9XRloDtym8mxzGYl2c17LnV6IAGB2Dmg4tEa7G7DlawS0+qjew==",
			"dev": true,
			"requires": {
				"@babel/runtime": "^7.1.2",
				"loose-envify": "^1.2.0",
				"resolve-pathname": "^3.0.0",
				"tiny-invariant": "^1.0.2",
				"tiny-warning": "^1.0.0",
				"value-equal": "^1.0.1"
			}
		},
		"hoist-non-react-statics": {
			"version": "3.3.2",
			"resolved": "https://registry.npmjs.org/hoist-non-react-statics/-/hoist-non-react-statics-3.3.2.tgz",
			"integrity": "sha512-/gGivxi8JPKWNm/W0jSmzcMPpfpPLc3dY/6GxhX2hQ9iGj3aDfklV4ET7NjKpSinLpJ5vafa9iiGIEZg10SfBw==",
			"dev": true,
			"requires": {
				"react-is": "^16.7.0"
			}
		},
		"iconv-lite": {
			"version": "0.6.2",
			"resolved": "https://registry.npmjs.org/iconv-lite/-/iconv-lite-0.6.2.tgz",
			"integrity": "sha512-2y91h5OpQlolefMPmUlivelittSWy0rP+oYVpn6A7GwVHNE8AWzoYOBNmlwks3LobaJxgHCYZAnyNo2GgpNRNQ==",
			"dev": true,
			"requires": {
				"safer-buffer": ">= 2.1.2 < 3.0.0"
			}
		},
		"is-stream": {
			"version": "1.1.0",
			"resolved": "https://registry.npmjs.org/is-stream/-/is-stream-1.1.0.tgz",
			"integrity": "sha1-EtSj3U5o4Lec6428hBc66A2RykQ=",
			"dev": true
		},
		"isarray": {
			"version": "0.0.1",
			"resolved": "https://registry.npmjs.org/isarray/-/isarray-0.0.1.tgz",
			"integrity": "sha1-ihis/Kmo9Bd+Cav8YDiTmwXR7t8=",
			"dev": true
		},
		"isomorphic-fetch": {
			"version": "2.2.1",
			"resolved": "https://registry.npmjs.org/isomorphic-fetch/-/isomorphic-fetch-2.2.1.tgz",
			"integrity": "sha1-YRrhrPFPXoH3KVB0coGf6XM1WKk=",
			"dev": true,
			"requires": {
				"node-fetch": "^1.0.1",
				"whatwg-fetch": ">=0.10.0"
			}
		},
		"js-tokens": {
			"version": "4.0.0",
			"resolved": "https://registry.npmjs.org/js-tokens/-/js-tokens-4.0.0.tgz",
			"integrity": "sha512-RdJUflcE3cUzKiMqQgsCu06FPu9UdIJO0beYbPhHN4k6apgJtifcoCtT9bcxOpYBtpD2kCM6Sbzg4CausW/PKQ==",
			"dev": true
		},
		"loose-envify": {
			"version": "1.4.0",
			"resolved": "https://registry.npmjs.org/loose-envify/-/loose-envify-1.4.0.tgz",
			"integrity": "sha512-lyuxPGr/Wfhrlem2CL/UcnUc1zcqKAImBDzukY7Y5F/yQiNdko6+fRLevlw1HgMySw7f611UIY408EtxRSoK3Q==",
			"dev": true,
			"requires": {
				"js-tokens": "^3.0.0 || ^4.0.0"
			}
		},
		"mini-create-react-context": {
			"version": "0.4.1",
			"resolved": "https://registry.npmjs.org/mini-create-react-context/-/mini-create-react-context-0.4.1.tgz",
			"integrity": "sha512-YWCYEmd5CQeHGSAKrYvXgmzzkrvssZcuuQDDeqkT+PziKGMgE+0MCCtcKbROzocGBG1meBLl2FotlRwf4gAzbQ==",
			"dev": true,
			"requires": {
				"@babel/runtime": "^7.12.1",
				"tiny-warning": "^1.0.3"
			}
		},
		"mithril-hooks": {
			"version": "0.7.1",
			"resolved": "https://registry.npmjs.org/mithril-hooks/-/mithril-hooks-0.7.1.tgz",
			"integrity": "sha512-or7NAYGSWiCSbPQ+W7SGqkB74b6L0QYVR7NfBBT7cVqkIO3FNi6OTpmQo7AI2oARh9NyzZRyGQbt24TvYTiHYA==",
			"dev": true,
			"requires": {
				"flatted": "^3.1.1"
			}
		},
		"node-fetch": {
			"version": "1.7.3",
			"resolved": "https://registry.npmjs.org/node-fetch/-/node-fetch-1.7.3.tgz",
			"integrity": "sha512-NhZ4CsKx7cYm2vSrBAr2PvFOe6sWDf0UYLRqA6svUYg7+/TSfVAu49jYC4BvQ4Sms9SZgdqGBgroqfDhJdTyKQ==",
			"dev": true,
			"requires": {
				"encoding": "^0.1.11",
				"is-stream": "^1.0.1"
			}
		},
		"object-assign": {
			"version": "4.1.1",
			"resolved": "https://registry.npmjs.org/object-assign/-/object-assign-4.1.1.tgz",
			"integrity": "sha1-IQmtx5ZYh8/AXLvUQsrIv7s2CGM=",
			"dev": true
		},
		"path-to-regexp": {
			"version": "1.8.0",
			"resolved": "https://registry.npmjs.org/path-to-regexp/-/path-to-regexp-1.8.0.tgz",
			"integrity": "sha512-n43JRhlUKUAlibEJhPeir1ncUID16QnEjNpwzNdO3Lm4ywrBpBZ5oLD0I6br9evr1Y9JTqwRtAh7JLoOzAQdVA==",
			"dev": true,
			"requires": {
				"isarray": "0.0.1"
			}
		},
		"powerform": {
			"version": "4.0.1",
			"resolved": "https://registry.npmjs.org/powerform/-/powerform-4.0.1.tgz",
			"integrity": "sha512-4wHqK8M1c1eYqOw183m4u6QNPymx4r0Uv1PvpWhxeJg9LuKuS+pcDelCHWjat90/rvIrqYTTjNXQxSGcKexKtA==",
			"dev": true,
			"requires": {
				"validatex": "^1.0.1"
			}
		},
		"promise": {
			"version": "7.3.1",
			"resolved": "https://registry.npmjs.org/promise/-/promise-7.3.1.tgz",
			"integrity": "sha512-nolQXZ/4L+bP/UGlkfaIujX9BKxGwmQ9OT4mOt5yvy8iK1h3wqTEJCijzGANTCCl9nWjY41juyAn2K3Q1hLLTg==",
			"dev": true,
			"requires": {
				"asap": "~2.0.3"
			}
		},
		"prop-types": {
			"version": "15.7.2",
			"resolved": "https://registry.npmjs.org/prop-types/-/prop-types-15.7.2.tgz",
			"integrity": "sha512-8QQikdH7//R2vurIJSutZ1smHYTcLpRWEOlHnzcWHmBYrOGUysKwSsrC89BCiFj3CbrfJ/nXFdJepOVrY1GCHQ==",
			"dev": true,
			"requires": {
				"loose-envify": "^1.4.0",
				"object-assign": "^4.1.1",
				"react-is": "^16.8.1"
			}
		},
		"react": {
			"version": "17.0.2",
			"resolved": "https://registry.npmjs.org/react/-/react-17.0.2.tgz",
			"integrity": "sha512-gnhPt75i/dq/z3/6q/0asP78D0u592D5L1pd7M8P+dck6Fu/jJeL6iVVK23fptSUZj8Vjf++7wXA8UNclGQcbA==",
			"dev": true,
			"requires": {
				"loose-envify": "^1.1.0",
				"object-assign": "^4.1.1"
			}
		},
		"react-dom": {
			"version": "17.0.2",
			"resolved": "https://registry.npmjs.org/react-dom/-/react-dom-17.0.2.tgz",
			"integrity": "sha512-s4h96KtLDUQlsENhMn1ar8t2bEa+q/YAtj8pPPdIjPDGBDIVNsrD9aXNWqspUe6AzKCIG0C1HZZLqLV7qpOBGA==",
			"dev": true,
			"requires": {
				"loose-envify": "^1.1.0",
				"object-assign": "^4.1.1",
				"scheduler": "^0.20.2"
			}
		},
		"react-hyperscript": {
			"version": "3.2.0",
			"resolved": "https://registry.npmjs.org/react-hyperscript/-/react-hyperscript-3.2.0.tgz",
			"integrity": "sha512-kf9VmxwCNqAImT3uDrCPJ8H5XdNzfSLps9x0qgJCH6OUCBiGAy1m9wHpedfr7GSuFqowhkNwv4ZuC40k3E/zRQ==",
			"dev": true
		},
		"react-is": {
			"version": "16.13.1",
			"resolved": "https://registry.npmjs.org/react-is/-/react-is-16.13.1.tgz",
			"integrity": "sha512-24e6ynE2H+OKt4kqsOvNd8kBpV65zoxbA4BVsEOB3ARVWQki/DHzaUoC5KuON/BiccDaCCTZBuOcfZs70kR8bQ==",
			"dev": true
		},
		"react-lifecycles-compat": {
			"version": "3.0.4",
			"resolved": "https://registry.npmjs.org/react-lifecycles-compat/-/react-lifecycles-compat-3.0.4.tgz",
			"integrity": "sha512-fBASbA6LnOU9dOU2eW7aQ8xmYBSXUIWr+UmF9b1efZBazGNO+rcXT/icdKnYm2pTwcRylVUYwW7H1PHfLekVzA==",
			"dev": true
		},
		"react-router": {
			"version": "5.2.0",
			"resolved": "https://registry.npmjs.org/react-router/-/react-router-5.2.0.tgz",
			"integrity": "sha512-smz1DUuFHRKdcJC0jobGo8cVbhO3x50tCL4icacOlcwDOEQPq4TMqwx3sY1TP+DvtTgz4nm3thuo7A+BK2U0Dw==",
			"dev": true,
			"requires": {
				"@babel/runtime": "^7.1.2",
				"history": "^4.9.0",
				"hoist-non-react-statics": "^3.1.0",
				"loose-envify": "^1.3.1",
				"mini-create-react-context": "^0.4.0",
				"path-to-regexp": "^1.7.0",
				"prop-types": "^15.6.2",
				"react-is": "^16.6.0",
				"tiny-invariant": "^1.0.2",
				"tiny-warning": "^1.0.0"
			}
		},
		"react-router-dom": {
			"version": "5.2.0",
			"resolved": "https://registry.npmjs.org/react-router-dom/-/react-router-dom-5.2.0.tgz",
			"integrity": "sha512-gxAmfylo2QUjcwxI63RhQ5G85Qqt4voZpUXSEqCwykV0baaOTQDR1f0PmY8AELqIyVc0NEZUj0Gov5lNGcXgsA==",
			"dev": true,
			"requires": {
				"@babel/runtime": "^7.1.2",
				"history": "^4.9.0",
				"loose-envify": "^1.3.1",
				"prop-types": "^15.6.2",
				"react-router": "5.2.0",
				"tiny-invariant": "^1.0.2",
				"tiny-warning": "^1.0.0"
			}
		},
		"recompose": {
			"version": "0.30.0",
			"resolved": "https://registry.npmjs.org/recompose/-/recompose-0.30.0.tgz",
			"integrity": "sha512-ZTrzzUDa9AqUIhRk4KmVFihH0rapdCSMFXjhHbNrjAWxBuUD/guYlyysMnuHjlZC/KRiOKRtB4jf96yYSkKE8w==",
			"dev": true,
			"requires": {
				"@babel/runtime": "^7.0.0",
				"change-emitter": "^0.1.2",
				"fbjs": "^0.8.1",
				"hoist-non-react-statics": "^2.3.1",
				"react-lifecycles-compat": "^3.0.2",
				"symbol-observable": "^1.0.4"
			},
			"dependencies": {
				"hoist-non-react-statics": {
					"version": "2.5.5",
					"resolved": "https://registry.npmjs.org/hoist-non-react-statics/-/hoist-non-react-statics-2.5.5.tgz",
					"integrity": "sha512-rqcy4pJo55FTTLWt+bU8ukscqHeE/e9KWvsOW2b/a3afxQZhwkQdT1rPPCJ0rYXdj4vNcasY8zHTH+jF/qStxw==",
					"dev": true
				}
			}
		},
		"regenerator-runtime": {
			"version": "0.13.7",
			"resolved": "https://registry.npmjs.org/regenerator-runtime/-/regenerator-runtime-0.13.7.tgz",
			"integrity": "sha512-a54FxoJDIr27pgf7IgeQGxmqUNYrcV338lf/6gH456HZ/PhX+5BcwHXG9ajESmwe6WRO0tAzRUrRmNONWgkrew==",
			"dev": true
		},
		"resolve-pathname": {
			"version": "3.0.0",
			"resolved": "https://registry.npmjs.org/resolve-pathname/-/resolve-pathname-3.0.0.tgz",
			"integrity": "sha512-C7rARubxI8bXFNB/hqcp/4iUeIXJhJZvFPFPiSPRnhU5UPxzMFIl+2E6yY6c4k9giDJAhtV+enfA+G89N6Csng==",
			"dev": true
		},
		"safer-buffer": {
			"version": "2.1.2",
			"resolved": "https://registry.npmjs.org/safer-buffer/-/safer-buffer-2.1.2.tgz",
			"integrity": "sha512-YZo3K82SD7Riyi0E1EQPojLz7kpepnSQI9IyPbHHg1XXXevb5dJI7tpyN2ADxGcQbHG7vcyRHk0cbwqcQriUtg==",
			"dev": true
		},
		"scheduler": {
			"version": "0.20.2",
			"resolved": "https://registry.npmjs.org/scheduler/-/scheduler-0.20.2.tgz",
			"integrity": "sha512-2eWfGgAqqWFGqtdMmcL5zCMK1U8KlXv8SQFGglL3CEtd0aDVDWgeF/YoCmvln55m5zSk3J/20hTaSBeSObsQDQ==",
			"dev": true,
			"requires": {
				"loose-envify": "^1.1.0",
				"object-assign": "^4.1.1"
			}
		},
		"setimmediate": {
			"version": "1.0.5",
			"resolved": "https://registry.npmjs.org/setimmediate/-/setimmediate-1.0.5.tgz",
			"integrity": "sha1-KQy7Iy4waULX1+qbg3Mqt4VvgoU=",
			"dev": true
		},
		"symbol-observable": {
			"version": "1.2.0",
			"resolved": "https://registry.npmjs.org/symbol-observable/-/symbol-observable-1.2.0.tgz",
			"integrity": "sha512-e900nM8RRtGhlV36KGEU9k65K3mPb1WV70OdjfxlG2EAuM1noi/E/BaW/uMhL7bPEssK8QV57vN3esixjUvcXQ==",
			"dev": true
		},
		"tiny-invariant": {
			"version": "1.1.0",
			"resolved": "https://registry.npmjs.org/tiny-invariant/-/tiny-invariant-1.1.0.tgz",
			"integrity": "sha512-ytxQvrb1cPc9WBEI/HSeYYoGD0kWnGEOR8RY6KomWLBVhqz0RgTwVO9dLrGz7dC+nN9llyI7OKAgRq8Vq4ZBSw==",
			"dev": true
		},
		"tiny-warning": {
			"version": "1.0.3",
			"resolved": "https://registry.npmjs.org/tiny-warning/-/tiny-warning-1.0.3.tgz",
			"integrity": "sha512-lBN9zLN/oAf68o3zNXYrdCt1kP8WsiGW8Oo2ka41b2IM5JL/S1CTyX1rW0mb/zSuJun0ZUrDxx4sqvYS2FWzPA==",
			"dev": true
		},
		"ua-parser-js": {
			"version": "0.7.28",
			"resolved": "https://registry.npmjs.org/ua-parser-js/-/ua-parser-js-0.7.28.tgz",
			"integrity": "sha512-6Gurc1n//gjp9eQNXjD9O3M/sMwVtN5S8Lv9bvOYBfKfDNiIIhqiyi01vMBO45u4zkDE420w/e0se7Vs+sIg+g==",
			"dev": true
		},
		"validatex": {
			"version": "1.0.1",
			"resolved": "https://registry.npmjs.org/validatex/-/validatex-1.0.1.tgz",
			"integrity": "sha512-dfj6i/djKfsL1e5P78DRO99a8umj/y+TaAzECIM+DAclke8fed01abo/0B3lcIf67Xw4JSidPQpv7/gIlhvKoQ==",
			"dev": true
		},
		"value-equal": {
			"version": "1.0.1",
			"resolved": "https://registry.npmjs.org/value-equal/-/value-equal-1.0.1.tgz",
			"integrity": "sha512-NOJ6JZCAWr0zlxZt+xqCHNTEKOsrks2HQd4MqhP1qy4z1SkbEP467eNx6TgDKXMvUOb+OENfJCZwM+16n7fRfw==",
			"dev": true
		},
		"whatwg-fetch": {
			"version": "3.6.2",
			"resolved": "https://registry.npmjs.org/whatwg-fetch/-/whatwg-fetch-3.6.2.tgz",
			"integrity": "sha512-bJlen0FcuU/0EMLrdbJ7zOnW6ITZLrZMIarMUVmdKtsGvZna8vxKYaexICWPfZ8qwf9fzNq+UEIZrnSaApt6RA==",
			"dev": true
		}
	}
}
