{
	"name": "polythene-tests",
	"version": "1.7.2",
	"lockfileVersion": 1,
	"requires": true,
	"dependencies": {
		"@babel/runtime": {
			"version": "7.2.0",
			"resolved": "https://registry.npmjs.org/@babel/runtime/-/runtime-7.2.0.tgz",
			"integrity": "sha512-oouEibCbHMVdZSDlJBO6bZmID/zA/G/Qx3H1d3rSNPTD+L8UNKvCat7aKWSJ74zYbm5zWGh0GQN0hKj8zYFTCg==",
			"dev": true,
			"requires": {
				"regenerator-runtime": "^0.12.0"
			}
		},
		"asap": {
			"version": "2.0.6",
			"resolved": "https://registry.npmjs.org/asap/-/asap-2.0.6.tgz",
			"integrity": "sha1-5QNHYR1+aQlDIIu9r+vLwvuGbUY=",
			"dev": true
		},
		"change-emitter": {
			"version": "0.1.6",
			"resolved": "https://registry.npmjs.org/change-emitter/-/change-emitter-0.1.6.tgz",
			"integrity": "sha1-6LL+PX8at9aaMhma/5HqaTFAlRU=",
			"dev": true
		},
		"core-js": {
			"version": "1.2.7",
			"resolved": "https://registry.npmjs.org/core-js/-/core-js-1.2.7.tgz",
			"integrity": "sha1-ZSKUwUZR2yj6k70tX/KYOk8IxjY=",
			"dev": true
		},
		"cyano-mithril": {
			"version": "0.6.2",
			"resolved": "https://registry.npmjs.org/cyano-mithril/-/cyano-mithril-0.6.2.tgz",
			"integrity": "sha512-yOBeSWncSgduYlH/K0EmjT+d/YyRa9gjIIgV2CNk01xV1XfxipYga4w+xb15YfIltAp93YYeF8faTYAkgdBxlA==",
			"dev": true,
			"requires": {
				"mithril-hooks": "^0.5.5"
			}
		},
		"cyano-react": {
			"version": "0.6.2",
			"resolved": "https://registry.npmjs.org/cyano-react/-/cyano-react-0.6.2.tgz",
			"integrity": "sha512-EhrcyntzzcJCLd9dOKPGjw9BWg8TwCYWOWI6gUy0NCXF5WI5aKRPbwBQ5kWlJA+AHWz3MHmsupflzfhFJNzaSg==",
			"dev": true,
			"requires": {
				"react-hyperscript": "^3.2.0"
			}
		},
		"encoding": {
			"version": "0.1.12",
			"resolved": "https://registry.npmjs.org/encoding/-/encoding-0.1.12.tgz",
			"integrity": "sha1-U4tm8+5izRq1HsMjgp0flIDHS+s=",
			"dev": true,
			"requires": {
				"iconv-lite": "~0.4.13"
			}
		},
		"fbjs": {
			"version": "0.8.17",
			"resolved": "https://registry.npmjs.org/fbjs/-/fbjs-0.8.17.tgz",
			"integrity": "sha1-xNWY6taUkRJlPWWIsBpc3Nn5D90=",
			"dev": true,
			"requires": {
				"core-js": "^1.0.0",
				"isomorphic-fetch": "^2.1.1",
				"loose-envify": "^1.0.0",
				"object-assign": "^4.1.0",
				"promise": "^7.1.1",
				"setimmediate": "^1.0.5",
				"ua-parser-js": "^0.7.18"
			}
		},
		"gud": {
			"version": "1.0.0",
			"resolved": "https://registry.npmjs.org/gud/-/gud-1.0.0.tgz",
			"integrity": "sha512-zGEOVKFM5sVPPrYs7J5/hYEw2Pof8KCyOwyhG8sAF26mCAeUFAcYPu1mwB7hhpIP29zOIBaDqwuHdLp0jvZXjw==",
			"dev": true
		},
		"history": {
			"version": "4.9.0",
			"resolved": "https://registry.npmjs.org/history/-/history-4.9.0.tgz",
			"integrity": "sha512-H2DkjCjXf0Op9OAr6nJ56fcRkTSNrUiv41vNJ6IswJjif6wlpZK0BTfFbi7qK9dXLSYZxkq5lBsj3vUjlYBYZA==",
			"dev": true,
			"requires": {
				"@babel/runtime": "^7.1.2",
				"loose-envify": "^1.2.0",
				"resolve-pathname": "^2.2.0",
				"tiny-invariant": "^1.0.2",
				"tiny-warning": "^1.0.0",
				"value-equal": "^0.4.0"
			}
		},
		"hoist-non-react-statics": {
			"version": "2.5.5",
			"resolved": "https://registry.npmjs.org/hoist-non-react-statics/-/hoist-non-react-statics-2.5.5.tgz",
			"integrity": "sha512-rqcy4pJo55FTTLWt+bU8ukscqHeE/e9KWvsOW2b/a3afxQZhwkQdT1rPPCJ0rYXdj4vNcasY8zHTH+jF/qStxw==",
			"dev": true
		},
		"iconv-lite": {
			"version": "0.4.24",
			"resolved": "https://registry.npmjs.org/iconv-lite/-/iconv-lite-0.4.24.tgz",
			"integrity": "sha512-v3MXnZAcvnywkTUEZomIActle7RXXeedOR31wwl7VlyoXO4Qi9arvSenNQWne1TcRwhCL1HwLI21bEqdpj8/rA==",
			"dev": true,
			"requires": {
				"safer-buffer": ">= 2.1.2 < 3"
			}
		},
		"is-stream": {
			"version": "1.1.0",
			"resolved": "https://registry.npmjs.org/is-stream/-/is-stream-1.1.0.tgz",
			"integrity": "sha1-EtSj3U5o4Lec6428hBc66A2RykQ=",
			"dev": true
		},
		"isarray": {
			"version": "0.0.1",
			"resolved": "https://registry.npmjs.org/isarray/-/isarray-0.0.1.tgz",
			"integrity": "sha1-ihis/Kmo9Bd+Cav8YDiTmwXR7t8=",
			"dev": true
		},
		"isomorphic-fetch": {
			"version": "2.2.1",
			"resolved": "https://registry.npmjs.org/isomorphic-fetch/-/isomorphic-fetch-2.2.1.tgz",
			"integrity": "sha1-YRrhrPFPXoH3KVB0coGf6XM1WKk=",
			"dev": true,
			"requires": {
				"node-fetch": "^1.0.1",
				"whatwg-fetch": ">=0.10.0"
			}
		},
		"js-tokens": {
			"version": "4.0.0",
			"resolved": "https://registry.npmjs.org/js-tokens/-/js-tokens-4.0.0.tgz",
			"integrity": "sha512-RdJUflcE3cUzKiMqQgsCu06FPu9UdIJO0beYbPhHN4k6apgJtifcoCtT9bcxOpYBtpD2kCM6Sbzg4CausW/PKQ==",
			"dev": true
		},
		"loose-envify": {
			"version": "1.4.0",
			"resolved": "https://registry.npmjs.org/loose-envify/-/loose-envify-1.4.0.tgz",
			"integrity": "sha512-lyuxPGr/Wfhrlem2CL/UcnUc1zcqKAImBDzukY7Y5F/yQiNdko6+fRLevlw1HgMySw7f611UIY408EtxRSoK3Q==",
			"dev": true,
			"requires": {
				"js-tokens": "^3.0.0 || ^4.0.0"
			}
		},
		"mini-create-react-context": {
			"version": "0.3.2",
			"resolved": "https://registry.npmjs.org/mini-create-react-context/-/mini-create-react-context-0.3.2.tgz",
			"integrity": "sha512-2v+OeetEyliMt5VHMXsBhABoJ0/M4RCe7fatd/fBy6SMiKazUSEt3gxxypfnk2SHMkdBYvorHRoQxuGoiwbzAw==",
			"dev": true,
			"requires": {
				"@babel/runtime": "^7.4.0",
				"gud": "^1.0.0",
				"tiny-warning": "^1.0.2"
			},
			"dependencies": {
				"@babel/runtime": {
					"version": "7.4.5",
					"resolved": "https://registry.npmjs.org/@babel/runtime/-/runtime-7.4.5.tgz",
					"integrity": "sha512-TuI4qpWZP6lGOGIuGWtp9sPluqYICmbk8T/1vpSysqJxRPkudh/ofFWyqdcMsDf2s7KvDL4/YHgKyvcS3g9CJQ==",
					"dev": true,
					"requires": {
						"regenerator-runtime": "^0.13.2"
					}
				},
				"regenerator-runtime": {
					"version": "0.13.2",
					"resolved": "https://registry.npmjs.org/regenerator-runtime/-/regenerator-runtime-0.13.2.tgz",
					"integrity": "sha512-S/TQAZJO+D3m9xeN1WTI8dLKBBiRgXBlTJvbWjCThHWZj9EvHK70Ff50/tYj2J/fvBY6JtFVwRuazHN2E7M9BA==",
					"dev": true
				}
			}
		},
		"mithril-hooks": {
			"version": "0.5.5",
			"resolved": "https://registry.npmjs.org/mithril-hooks/-/mithril-hooks-0.5.5.tgz",
			"integrity": "sha512-6Btph4a976btT9/5NgNu0EIHamC+RguQRKRuwg5qYdv/qDfZpclRjm2xfKDsnVDfHq/rstXaoA3hnPT4eeKTZQ==",
			"dev": true
		},
		"node-fetch": {
			"version": "1.7.3",
			"resolved": "https://registry.npmjs.org/node-fetch/-/node-fetch-1.7.3.tgz",
			"integrity": "sha512-NhZ4CsKx7cYm2vSrBAr2PvFOe6sWDf0UYLRqA6svUYg7+/TSfVAu49jYC4BvQ4Sms9SZgdqGBgroqfDhJdTyKQ==",
			"dev": true,
			"requires": {
				"encoding": "^0.1.11",
				"is-stream": "^1.0.1"
			}
		},
		"object-assign": {
			"version": "4.1.1",
			"resolved": "https://registry.npmjs.org/object-assign/-/object-assign-4.1.1.tgz",
			"integrity": "sha1-IQmtx5ZYh8/AXLvUQsrIv7s2CGM=",
			"dev": true
		},
		"path-to-regexp": {
			"version": "1.7.0",
			"resolved": "https://registry.npmjs.org/path-to-regexp/-/path-to-regexp-1.7.0.tgz",
			"integrity": "sha1-Wf3g9DW62suhA6hOnTvGTpa5k30=",
			"dev": true,
			"requires": {
				"isarray": "0.0.1"
			}
		},
		"powerform": {
			"version": "3.1.5",
			"resolved": "https://registry.npmjs.org/powerform/-/powerform-3.1.5.tgz",
			"integrity": "sha512-qJMpan6gDnC5rhZKq7Fo/Cs4sRAt4spcxzr3ZNhUItda9Oi3jgtvoL6FwMeQbGyO9jfMSB2YlfgKHQJMT34YnQ==",
			"dev": true
		},
		"promise": {
			"version": "7.3.1",
			"resolved": "https://registry.npmjs.org/promise/-/promise-7.3.1.tgz",
			"integrity": "sha512-nolQXZ/4L+bP/UGlkfaIujX9BKxGwmQ9OT4mOt5yvy8iK1h3wqTEJCijzGANTCCl9nWjY41juyAn2K3Q1hLLTg==",
			"dev": true,
			"requires": {
				"asap": "~2.0.3"
			}
		},
		"prop-types": {
			"version": "15.6.2",
			"resolved": "https://registry.npmjs.org/prop-types/-/prop-types-15.6.2.tgz",
			"integrity": "sha512-3pboPvLiWD7dkI3qf3KbUe6hKFKa52w+AE0VCqECtf+QHAKgOL37tTaNCnuX1nAAQ4ZhyP+kYVKf8rLmJ/feDQ==",
			"dev": true,
			"requires": {
				"loose-envify": "^1.3.1",
				"object-assign": "^4.1.1"
			}
		},
		"react": {
			"version": "16.8.6",
			"resolved": "https://registry.npmjs.org/react/-/react-16.8.6.tgz",
			"integrity": "sha512-pC0uMkhLaHm11ZSJULfOBqV4tIZkx87ZLvbbQYunNixAAvjnC+snJCg0XQXn9VIsttVsbZP/H/ewzgsd5fxKXw==",
			"dev": true,
			"requires": {
				"loose-envify": "^1.1.0",
				"object-assign": "^4.1.1",
				"prop-types": "^15.6.2",
				"scheduler": "^0.13.6"
			}
		},
		"react-dom": {
			"version": "16.8.6",
			"resolved": "https://registry.npmjs.org/react-dom/-/react-dom-16.8.6.tgz",
			"integrity": "sha512-1nL7PIq9LTL3fthPqwkvr2zY7phIPjYrT0jp4HjyEQrEROnw4dG41VVwi/wfoCneoleqrNX7iAD+pXebJZwrwA==",
			"dev": true,
			"requires": {
				"loose-envify": "^1.1.0",
				"object-assign": "^4.1.1",
				"prop-types": "^15.6.2",
				"scheduler": "^0.13.6"
			}
		},
		"react-hyperscript": {
			"version": "3.2.0",
			"resolved": "https://registry.npmjs.org/react-hyperscript/-/react-hyperscript-3.2.0.tgz",
			"integrity": "sha512-kf9VmxwCNqAImT3uDrCPJ8H5XdNzfSLps9x0qgJCH6OUCBiGAy1m9wHpedfr7GSuFqowhkNwv4ZuC40k3E/zRQ==",
			"dev": true
		},
		"react-is": {
			"version": "16.8.6",
			"resolved": "https://registry.npmjs.org/react-is/-/react-is-16.8.6.tgz",
			"integrity": "sha512-aUk3bHfZ2bRSVFFbbeVS4i+lNPZr3/WM5jT2J5omUVV1zzcs1nAaf3l51ctA5FFvCRbhrH0bdAsRRQddFJZPtA==",
			"dev": true
		},
		"react-lifecycles-compat": {
			"version": "3.0.4",
			"resolved": "https://registry.npmjs.org/react-lifecycles-compat/-/react-lifecycles-compat-3.0.4.tgz",
			"integrity": "sha512-fBASbA6LnOU9dOU2eW7aQ8xmYBSXUIWr+UmF9b1efZBazGNO+rcXT/icdKnYm2pTwcRylVUYwW7H1PHfLekVzA==",
			"dev": true
		},
		"react-router": {
			"version": "5.0.1",
			"resolved": "https://registry.npmjs.org/react-router/-/react-router-5.0.1.tgz",
			"integrity": "sha512-EM7suCPNKb1NxcTZ2LEOWFtQBQRQXecLxVpdsP4DW4PbbqYWeRiLyV/Tt1SdCrvT2jcyXAXmVTmzvSzrPR63Bg==",
			"dev": true,
			"requires": {
				"@babel/runtime": "^7.1.2",
				"history": "^4.9.0",
				"hoist-non-react-statics": "^3.1.0",
				"loose-envify": "^1.3.1",
				"mini-create-react-context": "^0.3.0",
				"path-to-regexp": "^1.7.0",
				"prop-types": "^15.6.2",
				"react-is": "^16.6.0",
				"tiny-invariant": "^1.0.2",
				"tiny-warning": "^1.0.0"
			},
			"dependencies": {
				"hoist-non-react-statics": {
					"version": "3.3.0",
					"resolved": "https://registry.npmjs.org/hoist-non-react-statics/-/hoist-non-react-statics-3.3.0.tgz",
					"integrity": "sha512-0XsbTXxgiaCDYDIWFcwkmerZPSwywfUqYmwT4jzewKTQSWoE6FCMoUVOeBJWK3E/CrWbxRG3m5GzY4lnIwGRBA==",
					"dev": true,
					"requires": {
						"react-is": "^16.7.0"
					}
				}
			}
		},
		"react-router-dom": {
			"version": "5.0.1",
			"resolved": "https://registry.npmjs.org/react-router-dom/-/react-router-dom-5.0.1.tgz",
			"integrity": "sha512-zaVHSy7NN0G91/Bz9GD4owex5+eop+KvgbxXsP/O+iW1/Ln+BrJ8QiIR5a6xNPtrdTvLkxqlDClx13QO1uB8CA==",
			"dev": true,
			"requires": {
				"@babel/runtime": "^7.1.2",
				"history": "^4.9.0",
				"loose-envify": "^1.3.1",
				"prop-types": "^15.6.2",
				"react-router": "5.0.1",
				"tiny-invariant": "^1.0.2",
				"tiny-warning": "^1.0.0"
			}
		},
		"recompose": {
			"version": "0.30.0",
			"resolved": "https://registry.npmjs.org/recompose/-/recompose-0.30.0.tgz",
			"integrity": "sha512-ZTrzzUDa9AqUIhRk4KmVFihH0rapdCSMFXjhHbNrjAWxBuUD/guYlyysMnuHjlZC/KRiOKRtB4jf96yYSkKE8w==",
			"dev": true,
			"requires": {
				"@babel/runtime": "^7.0.0",
				"change-emitter": "^0.1.2",
				"fbjs": "^0.8.1",
				"hoist-non-react-statics": "^2.3.1",
				"react-lifecycles-compat": "^3.0.2",
				"symbol-observable": "^1.0.4"
			}
		},
		"regenerator-runtime": {
			"version": "0.12.1",
			"resolved": "https://registry.npmjs.org/regenerator-runtime/-/regenerator-runtime-0.12.1.tgz",
			"integrity": "sha512-odxIc1/vDlo4iZcfXqRYFj0vpXFNoGdKMAUieAlFYO6m/nl5e9KR/beGf41z4a1FI+aQgtjhuaSlDxQ0hmkrHg==",
			"dev": true
		},
		"resolve-pathname": {
			"version": "2.2.0",
			"resolved": "https://registry.npmjs.org/resolve-pathname/-/resolve-pathname-2.2.0.tgz",
			"integrity": "sha512-bAFz9ld18RzJfddgrO2e/0S2O81710++chRMUxHjXOYKF6jTAMrUNZrEZ1PvV0zlhfjidm08iRPdTLPno1FuRg==",
			"dev": true
		},
		"safer-buffer": {
			"version": "2.1.2",
			"resolved": "https://registry.npmjs.org/safer-buffer/-/safer-buffer-2.1.2.tgz",
			"integrity": "sha512-YZo3K82SD7Riyi0E1EQPojLz7kpepnSQI9IyPbHHg1XXXevb5dJI7tpyN2ADxGcQbHG7vcyRHk0cbwqcQriUtg==",
			"dev": true
		},
		"scheduler": {
			"version": "0.13.6",
			"resolved": "https://registry.npmjs.org/scheduler/-/scheduler-0.13.6.tgz",
			"integrity": "sha512-IWnObHt413ucAYKsD9J1QShUKkbKLQQHdxRyw73sw4FN26iWr3DY/H34xGPe4nmL1DwXyWmSWmMrA9TfQbE/XQ==",
			"dev": true,
			"requires": {
				"loose-envify": "^1.1.0",
				"object-assign": "^4.1.1"
			}
		},
		"setimmediate": {
			"version": "1.0.5",
			"resolved": "https://registry.npmjs.org/setimmediate/-/setimmediate-1.0.5.tgz",
			"integrity": "sha1-KQy7Iy4waULX1+qbg3Mqt4VvgoU=",
			"dev": true
		},
		"symbol-observable": {
			"version": "1.2.0",
			"resolved": "https://registry.npmjs.org/symbol-observable/-/symbol-observable-1.2.0.tgz",
			"integrity": "sha512-e900nM8RRtGhlV36KGEU9k65K3mPb1WV70OdjfxlG2EAuM1noi/E/BaW/uMhL7bPEssK8QV57vN3esixjUvcXQ==",
			"dev": true
		},
		"tiny-invariant": {
			"version": "1.0.4",
			"resolved": "https://registry.npmjs.org/tiny-invariant/-/tiny-invariant-1.0.4.tgz",
			"integrity": "sha512-lMhRd/djQJ3MoaHEBrw8e2/uM4rs9YMNk0iOr8rHQ0QdbM7D4l0gFl3szKdeixrlyfm9Zqi4dxHCM2qVG8ND5g==",
			"dev": true
		},
		"tiny-warning": {
			"version": "1.0.2",
			"resolved": "https://registry.npmjs.org/tiny-warning/-/tiny-warning-1.0.2.tgz",
			"integrity": "sha512-rru86D9CpQRLvsFG5XFdy0KdLAvjdQDyZCsRcuu60WtzFylDM3eAWSxEVz5kzL2Gp544XiUvPbVKtOA/txLi9Q==",
			"dev": true
		},
		"ua-parser-js": {
			"version": "0.7.19",
			"resolved": "https://registry.npmjs.org/ua-parser-js/-/ua-parser-js-0.7.19.tgz",
			"integrity": "sha512-T3PVJ6uz8i0HzPxOF9SWzWAlfN/DavlpQqepn22xgve/5QecC+XMCAtmUNnY7C9StehaV6exjUCI801lOI7QlQ==",
			"dev": true
		},
		"value-equal": {
			"version": "0.4.0",
			"resolved": "https://registry.npmjs.org/value-equal/-/value-equal-0.4.0.tgz",
			"integrity": "sha512-x+cYdNnaA3CxvMaTX0INdTCN8m8aF2uY9BvEqmxuYp8bL09cs/kWVQPVGcA35fMktdOsP69IgU7wFj/61dJHEw==",
			"dev": true
		},
		"whatwg-fetch": {
			"version": "3.0.0",
			"resolved": "https://registry.npmjs.org/whatwg-fetch/-/whatwg-fetch-3.0.0.tgz",
			"integrity": "sha512-9GSJUgz1D4MfyKU7KRqwOjXCXTqWdFNvEr7eUBYchQiVc744mqK/MzXPNR2WsPkmkOa4ywfg8C2n8h+13Bey1Q==",
			"dev": true
		}
	}
}
