{
	"name": "polythene-react-button-group",
	"version": "1.5.4",
	"lockfileVersion": 1,
	"requires": true,
	"dependencies": {
		"@types/prop-types": {
			"version": "15.7.1",
			"resolved": "https://registry.npmjs.org/@types/prop-types/-/prop-types-15.7.1.tgz",
			"integrity": "sha512-CFzn9idOEpHrgdw8JsoTkaDDyRWk1jrzIV8djzcgpq0y9tG4B4lFT+Nxh52DVpDXV+n4+NPNv7M1Dj5uMp6XFg==",
			"dev": true
		},
		"@types/react": {
			"version": "16.8.18",
			"resolved": "https://registry.npmjs.org/@types/react/-/react-16.8.18.tgz",
			"integrity": "sha512-lUXdKzRqWR4FebR5tGHkLCqnvQJS4fdXKCBrNGGbglqZg2gpU+J82pMONevQODUotATs9fc9k66bx3/St8vReg==",
			"dev": true,
			"requires": {
				"@types/prop-types": "*",
				"csstype": "^2.2.0"
			}
		},
		"csstype": {
			"version": "2.6.4",
			"resolved": "https://registry.npmjs.org/csstype/-/csstype-2.6.4.tgz",
			"integrity": "sha512-lAJUJP3M6HxFXbqtGRc0iZrdyeN+WzOWeY0q/VnFzI+kqVrYIzC7bWlKqCW7oCIdzoPkvfp82EVvrTlQ8zsWQg==",
			"dev": true
		},
		"cyano-react": {
			"version": "0.5.1",
			"resolved": "https://registry.npmjs.org/cyano-react/-/cyano-react-0.5.1.tgz",
			"integrity": "sha512-mKph7BAGpXLEVbqkvCNOUXidw7OuU/TtWMu3YVDeM+38m13zWYKsagh+3BrpgGLB75o4RaMEmFxtYSozOVtnYg==",
			"requires": {
				"react-hyperscript": "^3.2.0"
			}
		},
		"react-hyperscript": {
			"version": "3.2.0",
			"resolved": "https://registry.npmjs.org/react-hyperscript/-/react-hyperscript-3.2.0.tgz",
			"integrity": "sha512-kf9VmxwCNqAImT3uDrCPJ8H5XdNzfSLps9x0qgJCH6OUCBiGAy1m9wHpedfr7GSuFqowhkNwv4ZuC40k3E/zRQ=="
		}
	}
}
