{
	"name": "polythene-build-rollup",
	"version": "1.6.0",
	"lockfileVersion": 1,
	"requires": true,
	"dependencies": {
		"mithril": {
			"version": "2.0.0-rc.4",
			"resolved": "https://registry.npmjs.org/mithril/-/mithril-2.0.0-rc.4.tgz",
			"integrity": "sha512-Vea5rnb4Z7RUuQgB3/LSltZlYwR9dbuXwxTOlNyyfGu5FNC/FvfteR3Je5u95v8GGSgGN2mzmVrPXETOHOaOtA=="
		}
	}
}
