{
	"name": "polythene-build-rollup",
	"version": "1.6.1",
	"lockfileVersion": 1,
	"requires": true,
	"dependencies": {
		"mithril": {
			"version": "2.0.0-rc.6",
			"resolved": "https://registry.npmjs.org/mithril/-/mithril-2.0.0-rc.6.tgz",
			"integrity": "sha512-aaY7rTgbg2olf88KlLMaAasa+10qD+ughBIroCDTzLGT5963pTf4Ea+bg3xW1lOyZhbt3ZKnouUF8WWw3xLveg=="
		}
	}
}
