{
	"name": "polythene-build-rollup",
	"version": "1.5.2",
	"lockfileVersion": 1,
	"requires": true,
	"dependencies": {
		"mithril": {
			"version": "1.1.6",
			"resolved": "https://registry.npmjs.org/mithril/-/mithril-1.1.6.tgz",
			"integrity": "sha512-fWcUrQTCqu8M916rj1MFGlHaPh65rznPu6U/N2U9g81H89klDCIptSK5bnkNkC+jyi3sJIXjyGhSQjUnR8jzZA=="
		}
	}
}
