{
	"name": "polythene-test-radio-button",
	"version": "1.5.4",
	"lockfileVersion": 1,
	"requires": true,
	"dependencies": {
		"js-tokens": {
			"version": "4.0.0",
			"resolved": "https://registry.npmjs.org/js-tokens/-/js-tokens-4.0.0.tgz",
			"integrity": "sha512-RdJUflcE3cUzKiMqQgsCu06FPu9UdIJO0beYbPhHN4k6apgJtifcoCtT9bcxOpYBtpD2kCM6Sbzg4CausW/PKQ==",
			"dev": true
		},
		"loose-envify": {
			"version": "1.4.0",
			"resolved": "https://registry.npmjs.org/loose-envify/-/loose-envify-1.4.0.tgz",
			"integrity": "sha512-lyuxPGr/Wfhrlem2CL/UcnUc1zcqKAImBDzukY7Y5F/yQiNdko6+fRLevlw1HgMySw7f611UIY408EtxRSoK3Q==",
			"dev": true,
			"requires": {
				"js-tokens": "^3.0.0 || ^4.0.0"
			}
		},
		"mithril": {
			"version": "2.0.0-rc.4",
			"resolved": "https://registry.npmjs.org/mithril/-/mithril-2.0.0-rc.4.tgz",
			"integrity": "sha512-Vea5rnb4Z7RUuQgB3/LSltZlYwR9dbuXwxTOlNyyfGu5FNC/FvfteR3Je5u95v8GGSgGN2mzmVrPXETOHOaOtA==",
			"dev": true
		},
		"object-assign": {
			"version": "4.1.1",
			"resolved": "https://registry.npmjs.org/object-assign/-/object-assign-4.1.1.tgz",
			"integrity": "sha1-IQmtx5ZYh8/AXLvUQsrIv7s2CGM=",
			"dev": true
		},
		"prop-types": {
			"version": "15.7.2",
			"resolved": "https://registry.npmjs.org/prop-types/-/prop-types-15.7.2.tgz",
			"integrity": "sha512-8QQikdH7//R2vurIJSutZ1smHYTcLpRWEOlHnzcWHmBYrOGUysKwSsrC89BCiFj3CbrfJ/nXFdJepOVrY1GCHQ==",
			"dev": true,
			"requires": {
				"loose-envify": "^1.4.0",
				"object-assign": "^4.1.1",
				"react-is": "^16.8.1"
			}
		},
		"react": {
			"version": "16.8.4",
			"resolved": "https://registry.npmjs.org/react/-/react-16.8.4.tgz",
			"integrity": "sha512-0GQ6gFXfUH7aZcjGVymlPOASTuSjlQL4ZtVC5YKH+3JL6bBLCVO21DknzmaPlI90LN253ojj02nsapy+j7wIjg==",
			"dev": true,
			"requires": {
				"loose-envify": "^1.1.0",
				"object-assign": "^4.1.1",
				"prop-types": "^15.6.2",
				"scheduler": "^0.13.4"
			}
		},
		"react-is": {
			"version": "16.8.4",
			"resolved": "https://registry.npmjs.org/react-is/-/react-is-16.8.4.tgz",
			"integrity": "sha512-PVadd+WaUDOAciICm/J1waJaSvgq+4rHE/K70j0PFqKhkTBsPv/82UGQJNXAngz1fOQLLxI6z1sEDmJDQhCTAA==",
			"dev": true
		},
		"scheduler": {
			"version": "0.13.4",
			"resolved": "https://registry.npmjs.org/scheduler/-/scheduler-0.13.4.tgz",
			"integrity": "sha512-cvSOlRPxOHs5dAhP9yiS/6IDmVAVxmk33f0CtTJRkmUWcb1Us+t7b1wqdzoC0REw2muC9V5f1L/w5R5uKGaepA==",
			"dev": true,
			"requires": {
				"loose-envify": "^1.1.0",
				"object-assign": "^4.1.1"
			}
		}
	}
}
