{
	"name": "polythene-core-svg",
	"version": "1.5.4",
	"lockfileVersion": 1,
	"requires": true,
	"dependencies": {
		"cyano-react": {
			"version": "0.4.4",
			"resolved": "https://registry.npmjs.org/cyano-react/-/cyano-react-0.4.4.tgz",
			"integrity": "sha512-qoXj7Szgxnir0vLT6nZby9bj7ZjAyUWX1vQxpYcUS7r+JopuhZM/G1T+1o+4Pd1B2BT5fPzC2oGWOap7Mt1IGQ==",
			"requires": {
				"react-hyperscript": "^3.2.0"
			}
		},
		"react-hyperscript": {
			"version": "3.2.0",
			"resolved": "https://registry.npmjs.org/react-hyperscript/-/react-hyperscript-3.2.0.tgz",
			"integrity": "sha512-kf9VmxwCNqAImT3uDrCPJ8H5XdNzfSLps9x0qgJCH6OUCBiGAy1m9wHpedfr7GSuFqowhkNwv4ZuC40k3E/zRQ=="
		}
	}
}
