# THIS IS AN AUTOGENERATED FILE. DO NOT EDIT THIS FILE DIRECTLY.
# yarn lockfile v1


ansi-styles@^3.1.0:
  version "3.2.0"
  resolved "https://registry.yarnpkg.com/ansi-styles/-/ansi-styles-3.2.0.tgz#c159b8d5be0f9e5a6f346dab94f16ce022161b88"
  dependencies:
    color-convert "^1.9.0"

array-back@^1.0.3, array-back@^1.0.4:
  version "1.0.4"
  resolved "https://registry.yarnpkg.com/array-back/-/array-back-1.0.4.tgz#644ba7f095f7ffcf7c43b5f0dc39d3c1f03c063b"
  dependencies:
    typical "^2.6.0"

array-back@^2.0.0:
  version "2.0.0"
  resolved "https://registry.yarnpkg.com/array-back/-/array-back-2.0.0.tgz#6877471d51ecc9c9bfa6136fb6c7d5fe69748022"
  dependencies:
    typical "^2.6.1"

autoprefixer@^7.1.3:
  version "7.1.3"
  resolved "https://registry.yarnpkg.com/autoprefixer/-/autoprefixer-7.1.3.tgz#0e8d337976d6f13644db9f8813b4c42f3d1ccc34"
  dependencies:
    browserslist "^2.4.0"
    caniuse-lite "^1.0.30000718"
    normalize-range "^0.1.2"
    num2fraction "^1.2.2"
    postcss "^6.0.10"
    postcss-value-parser "^3.2.3"

browserslist@^2.4.0:
  version "2.4.0"
  resolved "https://registry.yarnpkg.com/browserslist/-/browserslist-2.4.0.tgz#693ee93d01e66468a6348da5498e011f578f87f8"
  dependencies:
    caniuse-lite "^1.0.30000718"
    electron-to-chromium "^1.3.18"

caniuse-lite@^1.0.30000718:
  version "1.0.30000722"
  resolved "https://registry.yarnpkg.com/caniuse-lite/-/caniuse-lite-1.0.30000722.tgz#8cbfe07440478e3a16ab0d3b182feef1901eab55"

chalk@^2.1.0:
  version "2.1.0"
  resolved "https://registry.yarnpkg.com/chalk/-/chalk-2.1.0.tgz#ac5becf14fa21b99c6c92ca7a7d7cfd5b17e743e"
  dependencies:
    ansi-styles "^3.1.0"
    escape-string-regexp "^1.0.5"
    supports-color "^4.0.0"

chownr@^1.0.1:
  version "1.0.1"
  resolved "https://registry.yarnpkg.com/chownr/-/chownr-1.0.1.tgz#e2a75042a9551908bebd25b8523d5f9769d79181"

color-convert@^1.9.0:
  version "1.9.0"
  resolved "https://registry.yarnpkg.com/color-convert/-/color-convert-1.9.0.tgz#1accf97dd739b983bf994d56fec8f95853641b7a"
  dependencies:
    color-name "^1.1.1"

color-name@^1.1.1:
  version "1.1.3"
  resolved "https://registry.yarnpkg.com/color-name/-/color-name-1.1.3.tgz#a7d0558bd89c42f795dd42328f740831ca53bc25"

command-line-args@^4.0.7:
  version "4.0.7"
  resolved "https://registry.yarnpkg.com/command-line-args/-/command-line-args-4.0.7.tgz#f8d1916ecb90e9e121eda6428e41300bfb64cc46"
  dependencies:
    array-back "^2.0.0"
    find-replace "^1.0.3"
    typical "^2.6.1"

cssbeautify@^0.3.1:
  version "0.3.1"
  resolved "https://registry.yarnpkg.com/cssbeautify/-/cssbeautify-0.3.1.tgz#12dd1f734035c2e6faca67dcbdcef74e42811397"

electron-to-chromium@^1.3.18:
  version "1.3.20"
  resolved "https://registry.yarnpkg.com/electron-to-chromium/-/electron-to-chromium-1.3.20.tgz#2eedd5ccbae7ddc557f68ad1fce9c172e915e4e5"

escape-string-regexp@^1.0.5:
  version "1.0.5"
  resolved "https://registry.yarnpkg.com/escape-string-regexp/-/escape-string-regexp-1.0.5.tgz#1b61c0562190a8dff6ae3bb2cf0200ca130b86d4"

find-replace@^1.0.3:
  version "1.0.3"
  resolved "https://registry.yarnpkg.com/find-replace/-/find-replace-1.0.3.tgz#b88e7364d2d9c959559f388c66670d6130441fa0"
  dependencies:
    array-back "^1.0.4"
    test-value "^2.1.0"

has-flag@^2.0.0:
  version "2.0.0"
  resolved "https://registry.yarnpkg.com/has-flag/-/has-flag-2.0.0.tgz#e8207af1cc7b30d446cc70b734b5e8be18f88d51"

j2c-plugin-prefix-browser@^1.0.6:
  version "1.0.6"
  resolved "https://registry.yarnpkg.com/j2c-plugin-prefix-browser/-/j2c-plugin-prefix-browser-1.0.6.tgz#bf36395d1dc3d95f3e3dacea9dca9829baa95fd1"

j2c@^1.0.0-4:
  version "1.0.0-4"
  resolved "https://registry.yarnpkg.com/j2c/-/j2c-1.0.0-4.tgz#a1c85b2b8bc4f71cb8f8bb53e8b396fa3fd899f0"

minimist@0.0.8:
  version "0.0.8"
  resolved "https://registry.yarnpkg.com/minimist/-/minimist-0.0.8.tgz#857fcabfc3397d2625b8228262e86aa7a011b05d"

minipass@^2.2.1:
  version "2.2.1"
  resolved "https://registry.yarnpkg.com/minipass/-/minipass-2.2.1.tgz#5ada97538b1027b4cf7213432428578cb564011f"
  dependencies:
    yallist "^3.0.0"

minizlib@^1.0.4:
  version "1.0.4"
  resolved "https://registry.yarnpkg.com/minizlib/-/minizlib-1.0.4.tgz#8ebb51dd8bbe40b0126b5633dbb36b284a2f523c"
  dependencies:
    minipass "^2.2.1"

mkdirp@^0.5.0:
  version "0.5.1"
  resolved "https://registry.yarnpkg.com/mkdirp/-/mkdirp-0.5.1.tgz#30057438eac6cf7f8c4767f38648d6697d75c903"
  dependencies:
    minimist "0.0.8"

normalize-range@^0.1.2:
  version "0.1.2"
  resolved "https://registry.yarnpkg.com/normalize-range/-/normalize-range-0.1.2.tgz#2d10c06bdfd312ea9777695a4d28439456b75942"

num2fraction@^1.2.2:
  version "1.2.2"
  resolved "https://registry.yarnpkg.com/num2fraction/-/num2fraction-1.2.2.tgz#6f682b6a027a4e9ddfa4564cd2589d1d4e669ede"

postcss-value-parser@^3.2.3:
  version "3.3.0"
  resolved "https://registry.yarnpkg.com/postcss-value-parser/-/postcss-value-parser-3.3.0.tgz#87f38f9f18f774a4ab4c8a232f5c5ce8872a9d15"

postcss@^6.0.10:
  version "6.0.10"
  resolved "https://registry.yarnpkg.com/postcss/-/postcss-6.0.10.tgz#c311b89734483d87a91a56dc9e53f15f4e6e84e4"
  dependencies:
    chalk "^2.1.0"
    source-map "^0.5.7"
    supports-color "^4.2.1"

source-map@^0.5.7:
  version "0.5.7"
  resolved "https://registry.yarnpkg.com/source-map/-/source-map-0.5.7.tgz#8a039d2d1021d22d1ea14c80d8ea468ba2ef3fcc"

supports-color@^4.0.0, supports-color@^4.2.1:
  version "4.4.0"
  resolved "https://registry.yarnpkg.com/supports-color/-/supports-color-4.4.0.tgz#883f7ddabc165142b2a61427f3352ded195d1a3e"
  dependencies:
    has-flag "^2.0.0"

tar@^4.0.2:
  version "4.0.2"
  resolved "https://registry.yarnpkg.com/tar/-/tar-4.0.2.tgz#e8e22bf3eec330e5c616d415a698395e294e8fad"
  dependencies:
    chownr "^1.0.1"
    minipass "^2.2.1"
    minizlib "^1.0.4"
    mkdirp "^0.5.0"
    yallist "^3.0.2"

test-value@^2.1.0:
  version "2.1.0"
  resolved "https://registry.yarnpkg.com/test-value/-/test-value-2.1.0.tgz#11da6ff670f3471a73b625ca4f3fdcf7bb748291"
  dependencies:
    array-back "^1.0.3"
    typical "^2.6.0"

typical@^2.6.0, typical@^2.6.1:
  version "2.6.1"
  resolved "https://registry.yarnpkg.com/typical/-/typical-2.6.1.tgz#5c080e5d661cbbe38259d2e70a3c7253e873881d"

yallist@^3.0.0, yallist@^3.0.2:
  version "3.0.2"
  resolved "https://registry.yarnpkg.com/yallist/-/yallist-3.0.2.tgz#8452b4bb7e83c7c188d8041c1a837c773d6d8bb9"
