{
	"name": "polythene-mithril-base",
	"version": "1.4.2",
	"lockfileVersion": 1,
	"requires": true,
	"dependencies": {
		"@types/mithril": {
			"version": "1.1.13",
			"resolved": "https://registry.npmjs.org/@types/mithril/-/mithril-1.1.13.tgz",
			"integrity": "sha512-JDdplDDsIHyJFzolSSaKheTyWt7G/TyF1MwKCYU4rucZQtfKigpLMGGB/t8F6FRqPCuVH88uxbE0EILdwCjvVg==",
			"dev": true
		}
	}
}
