# THIS IS AN AUTOGENERATED FILE. DO NOT EDIT THIS FILE DIRECTLY.
# yarn lockfile v1


j2c-plugin-prefix-browser@^1.0.6:
  version "1.0.6"
  resolved "https://registry.yarnpkg.com/j2c-plugin-prefix-browser/-/j2c-plugin-prefix-browser-1.0.6.tgz#bf36395d1dc3d95f3e3dacea9dca9829baa95fd1"

j2c@^1.0.0-4:
  version "1.0.0-4"
  resolved "https://registry.yarnpkg.com/j2c/-/j2c-1.0.0-4.tgz#a1c85b2b8bc4f71cb8f8bb53e8b396fa3fd899f0"

loadjs@^3.5.1:
  version "3.5.1"
  resolved "https://registry.yarnpkg.com/loadjs/-/loadjs-3.5.1.tgz#01ce858f841d4f424a018214642e03f2f9a9dfde"

mithril@1.1.3:
  version "1.1.3"
  resolved "https://registry.yarnpkg.com/mithril/-/mithril-1.1.3.tgz#ece88a8e71a6906021c9b7a907abd40ec3d901b8"

polythene-core-css@^1.0.0-rc.4:
  version "1.0.0-rc.4"
  resolved "https://registry.yarnpkg.com/polythene-core-css/-/polythene-core-css-1.0.0-rc.4.tgz#4bd2183bcbce096e8d0dc22710cefe61b33cc28c"
  dependencies:
    j2c "^1.0.0-4"
    j2c-plugin-prefix-browser "^1.0.6"
    polythene-core "^1.0.0-rc.4"

polythene-core-svg@^1.0.0-rc.5:
  version "1.0.0-rc.5"
  resolved "https://registry.yarnpkg.com/polythene-core-svg/-/polythene-core-svg-1.0.0-rc.5.tgz#ccacec3466c7dc175dedd7d67b37368dbe189469"
  dependencies:
    polythene-core "^1.0.0-rc.4"
    polythene-core-css "^1.0.0-rc.4"
    polythene-theme "^1.0.0-rc.5"

polythene-core@^1.0.0-rc.4:
  version "1.0.0-rc.4"
  resolved "https://registry.yarnpkg.com/polythene-core/-/polythene-core-1.0.0-rc.4.tgz#3942453d959785671024909895a6677eab5b3b8b"

polythene-mithril-base@^1.0.0-rc.4:
  version "1.0.0-rc.4"
  resolved "https://registry.yarnpkg.com/polythene-mithril-base/-/polythene-mithril-base-1.0.0-rc.4.tgz#20441863bb04b0381bdac1f4e8fe44a89f9605ee"
  dependencies:
    mithril "1.1.3"
    polythene-core "^1.0.0-rc.4"

polythene-style@^1.0.0-rc.5:
  version "1.0.0-rc.5"
  resolved "https://registry.yarnpkg.com/polythene-style/-/polythene-style-1.0.0-rc.5.tgz#1c656c234c1384e921b2eef202c0cd48f4399537"
  dependencies:
    polythene-core "^1.0.0-rc.4"
    polythene-core-css "^1.0.0-rc.4"
    polythene-utilities "^1.0.0-rc.5"

polythene-theme@^1.0.0-rc.5:
  version "1.0.0-rc.5"
  resolved "https://registry.yarnpkg.com/polythene-theme/-/polythene-theme-1.0.0-rc.5.tgz#b8a891b2185458629999c2ac875624d634ca6c5a"
  dependencies:
    polythene-style "^1.0.0-rc.5"

polythene-utilities@^1.0.0-rc.5:
  version "1.0.0-rc.5"
  resolved "https://registry.yarnpkg.com/polythene-utilities/-/polythene-utilities-1.0.0-rc.5.tgz#5ddefdd3199c9600bbad739067cc31035797504b"
  dependencies:
    polythene-core "^1.0.0-rc.4"
    polythene-core-css "^1.0.0-rc.4"
    webfontloader "^1.6.27"

webfontloader@^1.6.27:
  version "1.6.28"
  resolved "https://registry.yarnpkg.com/webfontloader/-/webfontloader-1.6.28.tgz#db786129253cb6e8eae54c2fb05f870af6675bae"
