# THIS IS AN AUTOGENERATED FILE. DO NOT EDIT THIS FILE DIRECTLY.
# yarn lockfile v1


fastclick@^1.0.6:
  version "1.0.6"
  resolved "https://registry.yarnpkg.com/fastclick/-/fastclick-1.0.6.tgz#161625b27b1a5806405936bda9a2c1926d06be6a"

mithril@1.0.1:
  version "1.0.1"
  resolved "https://registry.yarnpkg.com/mithril/-/mithril-1.0.1.tgz#056b35b24e3f7e323a264b7a25b756c57d69008a"
