{
	"name": "polythene-react-ios-spinner",
	"version": "1.4.2",
	"lockfileVersion": 1,
	"requires": true,
	"dependencies": {
		"@types/prop-types": {
			"version": "15.5.8",
			"resolved": "https://registry.npmjs.org/@types/prop-types/-/prop-types-15.5.8.tgz",
			"integrity": "sha512-3AQoUxQcQtLHsK25wtTWIoIpgYjH3vSDroZOUr7PpCHw/jLY1RB9z9E8dBT/OSmwStVgkRNvdh+ZHNiomRieaw==",
			"dev": true
		},
		"@types/react": {
			"version": "16.7.20",
			"resolved": "https://registry.npmjs.org/@types/react/-/react-16.7.20.tgz",
			"integrity": "sha512-Qd5RWkwl6SL7R2XzLk/cicjVQm1Mhc6HqXY5Ei4pWd1Vi8Fkbd5O0sA398x8fRSTPAuHdDYD9nrWmJMYTJI0vQ==",
			"dev": true,
			"requires": {
				"@types/prop-types": "*",
				"csstype": "^2.2.0"
			}
		},
		"csstype": {
			"version": "2.6.1",
			"resolved": "https://registry.npmjs.org/csstype/-/csstype-2.6.1.tgz",
			"integrity": "sha512-wv7IRqCGsL7WGKB8gPvrl+++HlFM9kxAM6jL1EXNPNTshEJYilMkbfS2SnuHha77uosp/YVK0wAp2jmlBzn1tg==",
			"dev": true
		}
	}
}
