{
	"name": "polythene-svelte",
	"version": "1.6.4",
	"lockfileVersion": 1,
	"requires": true,
	"dependencies": {
		"nanoid": {
			"version": "2.0.3",
			"resolved": "https://registry.npmjs.org/nanoid/-/nanoid-2.0.3.tgz",
			"integrity": "sha512-NbaoqdhIYmY6FXDRB4eYtDVC9Z9eCbn8TyaiC16LNKtpPv/aqa0tOPD8y6gNE4yUNnaZ7LLhYtXOev/6+cBtfw=="
		}
	}
}
