{
	"name": "polythene-core-dialog",
	"version": "1.7.2",
	"lockfileVersion": 1,
	"requires": true,
	"dependencies": {
		"dialogic": {
			"version": "0.2.3",
			"resolved": "https://registry.npmjs.org/dialogic/-/dialogic-0.2.3.tgz",
			"integrity": "sha512-m9vw2ZagMqtdcB2vbZ63o1zDxGoX/BuDyUnIyAuUTzvSmD8w6bYoW43hwllUBmjpOXOg1DHm7h/kovCp5sgDFg==",
			"requires": {
				"mithril": "^2.0.4"
			}
		},
		"dialogic-mithril": {
			"version": "0.2.3",
			"resolved": "https://registry.npmjs.org/dialogic-mithril/-/dialogic-mithril-0.2.3.tgz",
			"integrity": "sha512-eW9YO7Lsy1QRYx0dYT7S3LYf0E1RcO6d9pF6yjN8bonfTjGVmclzwELvhtzJa/LclnGjciXXBDCSNBQAeMuBgQ==",
			"requires": {
				"dialogic": "^0.2.3"
			}
		},
		"mithril": {
			"version": "2.0.4",
			"resolved": "https://registry.npmjs.org/mithril/-/mithril-2.0.4.tgz",
			"integrity": "sha512-mgw+DMZlhMS4PpprF6dl7ZoeZq5GGcAuWnrg5e12MvaGauc4jzWsDZtVGRCktsiQczOEUr2K5teKbE5k44RlOg=="
		}
	}
}
