{
	"name": "polythene-core-css",
	"version": "1.6.0",
	"lockfileVersion": 1,
	"requires": true,
	"dependencies": {
		"j2c": {
			"version": "1.0.0-4",
			"resolved": "https://registry.npmjs.org/j2c/-/j2c-1.0.0-4.tgz",
			"integrity": "sha1-ochbK4vE9xy4+LtT6LOW+j/YmfA="
		},
		"j2c-plugin-prefix-browser": {
			"version": "1.0.7",
			"resolved": "https://registry.npmjs.org/j2c-plugin-prefix-browser/-/j2c-plugin-prefix-browser-1.0.7.tgz",
			"integrity": "sha512-SkbvoX0ulXdy/I5JkaA5vwGq/6y0DEOXarw/KF7dZP7sGhfw7bmyfHwEYeB1auVJhqBJAjIPA1vMeHD7eTmGyQ=="
		}
	}
}
