# THIS IS AN AUTOGENERATED FILE. DO NOT EDIT THIS FILE DIRECTLY.
# yarn lockfile v1


j2c-plugin-prefix-browser@^1.0.7:
  version "1.0.7"
  resolved "https://registry.yarnpkg.com/j2c-plugin-prefix-browser/-/j2c-plugin-prefix-browser-1.0.7.tgz#ed0ab06afb2b7393e2221813aea9dda8ad984522"

j2c@^1.0.0-4:
  version "1.0.0-4"
  resolved "https://registry.yarnpkg.com/j2c/-/j2c-1.0.0-4.tgz#a1c85b2b8bc4f71cb8f8bb53e8b396fa3fd899f0"
