{
  "name": "polythene-react-dialog",
  "version": "1.4.1",
  "lockfileVersion": 1,
  "requires": true,
  "dependencies": {
    "@types/prop-types": {
      "version": "15.5.8",
      "resolved": "https://registry.npmjs.org/@types/prop-types/-/prop-types-15.5.8.tgz",
      "integrity": "sha512-3AQoUxQcQtLHsK25wtTWIoIpgYjH3vSDroZOUr7PpCHw/jLY1RB9z9E8dBT/OSmwStVgkRNvdh+ZHNiomRieaw==",
      "dev": true
    },
    "@types/react": {
      "version": "16.7.18",
      "resolved": "https://registry.npmjs.org/@types/react/-/react-16.7.18.tgz",
      "integrity": "sha512-Tx4uu3ppK53/iHk6VpamMP3f3ahfDLEVt3ZQc8TFm30a1H3v9lMsCntBREswZIW/SKrvJjkb3Hq8UwO6GREBng==",
      "dev": true,
      "requires": {
        "@types/prop-types": "*",
        "csstype": "^2.2.0"
      }
    },
    "csstype": {
      "version": "2.6.0",
      "resolved": "https://registry.npmjs.org/csstype/-/csstype-2.6.0.tgz",
      "integrity": "sha512-by8hi8BlLbowQq0qtkx54d9aN73R9oUW20HISpka5kmgsR9F7nnxgfsemuR2sdCKZh+CDNf5egW9UZMm4mgJRg==",
      "dev": true
    },
    "polythene-core": {
      "version": "1.4.1"
    },
    "polythene-core-dialog": {
      "version": "1.4.1",
      "requires": {
        "polythene-core": "^1.4.1",
        "polythene-css-classes": "^1.4.1",
        "polythene-theme": "^1.4.1"
      },
      "dependencies": {
        "polythene-core": {
          "version": "1.4.1",
          "bundled": true
        },
        "polythene-css-classes": {
          "version": "1.4.1",
          "bundled": true
        },
        "polythene-theme": {
          "version": "1.4.1",
          "bundled": true,
          "requires": {
            "polythene-style": "^1.4.1"
          },
          "dependencies": {
            "polythene-style": {
              "version": "1.4.1",
              "bundled": true,
              "requires": {
                "polythene-core": "^1.4.1"
              },
              "dependencies": {
                "polythene-core": {
                  "version": "1.4.1",
                  "bundled": true
                }
              }
            }
          }
        }
      }
    },
    "polythene-css-classes": {
      "version": "1.4.1"
    },
    "polythene-react-base": {
      "version": "1.4.1",
      "requires": {
        "mithril": "^1.1.6",
        "polythene-core": "^1.4.1",
        "react-hyperscript": "^3.0.0"
      },
      "dependencies": {
        "mithril": {
          "version": "1.1.6",
          "bundled": true
        },
        "polythene-core": {
          "version": "1.4.1",
          "bundled": true
        },
        "react-hyperscript": {
          "version": "3.2.0",
          "bundled": true
        }
      }
    },
    "polythene-react-dialog-pane": {
      "version": "1.4.1",
      "requires": {
        "polythene-core-dialog-pane": "^1.4.1",
        "polythene-react-base": "^1.4.1"
      },
      "dependencies": {
        "polythene-core-dialog-pane": {
          "version": "1.4.1",
          "bundled": true,
          "requires": {
            "polythene-core": "^1.4.1",
            "polythene-css-classes": "^1.4.1",
            "polythene-theme": "^1.4.1"
          },
          "dependencies": {
            "polythene-core": {
              "version": "1.4.1",
              "bundled": true
            },
            "polythene-css-classes": {
              "version": "1.4.1",
              "bundled": true
            },
            "polythene-theme": {
              "version": "1.4.1",
              "bundled": true,
              "requires": {
                "polythene-style": "^1.4.1"
              },
              "dependencies": {
                "polythene-style": {
                  "version": "1.4.1",
                  "bundled": true,
                  "requires": {
                    "polythene-core": "^1.4.1"
                  },
                  "dependencies": {}
                }
              }
            }
          }
        },
        "polythene-react-base": {
          "version": "1.4.1",
          "bundled": true,
          "requires": {
            "mithril": "^1.1.6",
            "polythene-core": "^1.4.1",
            "react-hyperscript": "^3.0.0"
          },
          "dependencies": {
            "mithril": {
              "version": "1.1.6",
              "bundled": true
            },
            "polythene-core": {
              "version": "1.4.1",
              "bundled": true
            },
            "react-hyperscript": {
              "version": "3.2.0",
              "bundled": true
            }
          }
        }
      }
    },
    "polythene-react-shadow": {
      "version": "1.4.1",
      "requires": {
        "polythene-core-shadow": "^1.4.1",
        "polythene-react-base": "^1.4.1"
      },
      "dependencies": {
        "polythene-core-shadow": {
          "version": "1.4.1",
          "bundled": true,
          "requires": {
            "polythene-core": "^1.4.1",
            "polythene-css-classes": "^1.4.1",
            "polythene-theme": "^1.4.1"
          },
          "dependencies": {
            "polythene-core": {
              "version": "1.4.1",
              "bundled": true
            },
            "polythene-css-classes": {
              "version": "1.4.1",
              "bundled": true
            },
            "polythene-theme": {
              "version": "1.4.1",
              "bundled": true,
              "requires": {
                "polythene-style": "^1.4.1"
              },
              "dependencies": {
                "polythene-style": {
                  "version": "1.4.1",
                  "bundled": true,
                  "requires": {
                    "polythene-core": "^1.4.1"
                  },
                  "dependencies": {}
                }
              }
            }
          }
        },
        "polythene-react-base": {
          "version": "1.4.1",
          "bundled": true,
          "requires": {
            "mithril": "^1.1.6",
            "polythene-core": "^1.4.1",
            "react-hyperscript": "^3.0.0"
          },
          "dependencies": {
            "mithril": {
              "version": "1.1.6",
              "bundled": true
            },
            "polythene-core": {
              "version": "1.4.1",
              "bundled": true
            },
            "react-hyperscript": {
              "version": "3.2.0",
              "bundled": true
            }
          }
        }
      }
    }
  }
}
