{
	"name": "polythene-mithril-ripple",
	"version": "1.6.4",
	"lockfileVersion": 1,
	"requires": true,
	"dependencies": {
		"@types/mithril": {
			"version": "1.1.16",
			"resolved": "https://registry.npmjs.org/@types/mithril/-/mithril-1.1.16.tgz",
			"integrity": "sha512-+HlRvSpKwXP8RXh1hrIcgSHQ/Fh+5O9nYfG7fgNN7PGr2K03G+hLoiA+HXzmUJCsQfPEuNiBQ+TwRl6n7kerSw==",
			"dev": true
		},
		"cyano-mithril": {
			"version": "0.6.1",
			"resolved": "https://registry.npmjs.org/cyano-mithril/-/cyano-mithril-0.6.1.tgz",
			"integrity": "sha512-W2gvNg2WmNx/sKiLsRfTLKc21tJ1eVcKLuhgr4fAZOj3hV6Vxhyd4LiPByMKrVVOSLIayIeY0+Hj4jRXp4tiBw==",
			"requires": {
				"mithril-hooks": "^0.5.4"
			}
		},
		"mithril-hooks": {
			"version": "0.5.4",
			"resolved": "https://registry.npmjs.org/mithril-hooks/-/mithril-hooks-0.5.4.tgz",
			"integrity": "sha512-05fSmzYlvDNQPmxwgtoz7CXAVzpyXgkwgb3Wth/6d0rypX3rMTT8Z2enHezVMy0YCD4R5U+oeBmuVn4F8vAZaQ=="
		}
	}
}
