{
	"name": "polythene-mithril-fab",
	"version": "1.7.5",
	"lockfileVersion": 1,
	"requires": true,
	"dependencies": {
		"@types/mithril": {
			"version": "2.0.7",
			"resolved": "https://registry.npmjs.org/@types/mithril/-/mithril-2.0.7.tgz",
			"integrity": "sha512-ByD422x0GnYh5MOEAWNyqfkw2QlKkK3Yf7y5e1CobDVPG9m+/ThblfrIHENihF7VnygT6sQRObPvY1J/fUZICg==",
			"dev": true
		},
		"cyano-mithril": {
			"version": "0.6.9",
			"resolved": "https://registry.npmjs.org/cyano-mithril/-/cyano-mithril-0.6.9.tgz",
			"integrity": "sha512-42jQ7QdH15IrVZi5uozM6KrGenClNJ1BUWuGI3iwdCwgQJ6fiUzb9U6dfw1itFF2kPWO111SNexAgxqQmY6Jug==",
			"requires": {
				"mithril-hooks": "^0.7.1"
			}
		},
		"flatted": {
			"version": "3.1.1",
			"resolved": "https://registry.npmjs.org/flatted/-/flatted-3.1.1.tgz",
			"integrity": "sha512-zAoAQiudy+r5SvnSw3KJy5os/oRJYHzrzja/tBDqrZtNhUw8bt6y8OBzMWcjWr+8liV8Eb6yOhw8WZ7VFZ5ZzA=="
		},
		"mithril-hooks": {
			"version": "0.7.1",
			"resolved": "https://registry.npmjs.org/mithril-hooks/-/mithril-hooks-0.7.1.tgz",
			"integrity": "sha512-or7NAYGSWiCSbPQ+W7SGqkB74b6L0QYVR7NfBBT7cVqkIO3FNi6OTpmQo7AI2oARh9NyzZRyGQbt24TvYTiHYA==",
			"requires": {
				"flatted": "^3.1.1"
			}
		}
	}
}
