{
	"name": "polythene-mithril-fab",
	"version": "1.6.4",
	"lockfileVersion": 1,
	"requires": true,
	"dependencies": {
		"@types/mithril": {
			"version": "1.1.16",
			"resolved": "https://registry.npmjs.org/@types/mithril/-/mithril-1.1.16.tgz",
			"integrity": "sha512-+HlRvSpKwXP8RXh1hrIcgSHQ/Fh+5O9nYfG7fgNN7PGr2K03G+hLoiA+HXzmUJCsQfPEuNiBQ+TwRl6n7kerSw==",
			"dev": true
		},
		"cyano-mithril": {
			"version": "0.5.2",
			"resolved": "https://registry.npmjs.org/cyano-mithril/-/cyano-mithril-0.5.2.tgz",
			"integrity": "sha512-M1hAqfUU3QpzUEkob7DN+/gVE8oxiZNRpQKljBWhO+zgFrXA1dXaviu64L5RCUhH8XGjd0ZIiuy0CzLV+xHU5Q==",
			"requires": {
				"mithril-hooks": "^0.5.3"
			}
		},
		"mithril-hooks": {
			"version": "0.5.3",
			"resolved": "https://registry.npmjs.org/mithril-hooks/-/mithril-hooks-0.5.3.tgz",
			"integrity": "sha512-7Bd4fmxcvKXkrPFg07tjUfqVQBh1vJaqffckd9ScmPm4FdSq10n9IyQfleAi8iVH9Sazj8NDcm53RvaoIDAo8w=="
		}
	}
}
